// !$*UTF8*$!
{
	archiveVersion = 1;
	classes = {
	};
	objectVersion = 54;
	objects = {

/* Begin PBXBuildFile section */
		00E356F31AD99517003FC87E /* OpenEarTrainerTests.m in Sources */ = {isa = PBXBuildFile; fileRef = 00E356F21AD99517003FC87E /* OpenEarTrainerTests.m */; };
		0C80B921A6F3F58F76C31292 /* libPods-OpenEarTrainer.a in Frameworks */ = {isa = PBXBuildFile; fileRef = 5DCACB8F33CDC322A6C60F78 /* libPods-OpenEarTrainer.a */; };
		13B07FBC1A68108700A75B9A /* AppDelegate.mm in Sources */ = {isa = PBXBuildFile; fileRef = 13B07FB01A68108700A75B9A /* AppDelegate.mm */; };
		13B07FBF1A68108700A75B9A /* Images.xcassets in Resources */ = {isa = PBXBuildFile; fileRef = 13B07FB51A68108700A75B9A /* Images.xcassets */; };
		13B07FC11A68108700A75B9A /* main.m in Sources */ = {isa = PBXBuildFile; fileRef = 13B07FB71A68108700A75B9A /* main.m */; };
		4591D72F2AABFB7A0094C82B /* Csharp1piano.mp3 in Resources */ = {isa = PBXBuildFile; fileRef = 4591D6FB2AABFB790094C82B /* Csharp1piano.mp3 */; };
		4591D7302AABFB7A0094C82B /* Csharp4piano.mp3 in Resources */ = {isa = PBXBuildFile; fileRef = 4591D6FC2AABFB790094C82B /* Csharp4piano.mp3 */; };
		4591D7312AABFB7A0094C82B /* Csharp0piano.mp3 in Resources */ = {isa = PBXBuildFile; fileRef = 4591D6FD2AABFB790094C82B /* Csharp0piano.mp3 */; };
		4591D7322AABFB7A0094C82B /* D3piano.mp3 in Resources */ = {isa = PBXBuildFile; fileRef = 4591D6FE2AABFB790094C82B /* D3piano.mp3 */; };
		4591D7332AABFB7A0094C82B /* C5piano.mp3 in Resources */ = {isa = PBXBuildFile; fileRef = 4591D6FF2AABFB790094C82B /* C5piano.mp3 */; };
		4591D7342AABFB7A0094C82B /* D0piano.mp3 in Resources */ = {isa = PBXBuildFile; fileRef = 4591D7002AABFB790094C82B /* D0piano.mp3 */; };
		4591D7352AABFB7A0094C82B /* Asharp1piano.mp3 in Resources */ = {isa = PBXBuildFile; fileRef = 4591D7012AABFB790094C82B /* Asharp1piano.mp3 */; };
		4591D7362AABFB7A0094C82B /* B0piano.mp3 in Resources */ = {isa = PBXBuildFile; fileRef = 4591D7022AABFB790094C82B /* B0piano.mp3 */; };
		4591D7372AABFB7A0094C82B /* A5piano.mp3 in Resources */ = {isa = PBXBuildFile; fileRef = 4591D7032AABFB790094C82B /* A5piano.mp3 */; };
		4591D7382AABFB7A0094C82B /* B1piano.mp3 in Resources */ = {isa = PBXBuildFile; fileRef = 4591D7042AABFB790094C82B /* B1piano.mp3 */; };
		4591D7392AABFB7A0094C82B /* A2piano.mp3 in Resources */ = {isa = PBXBuildFile; fileRef = 4591D7052AABFB790094C82B /* A2piano.mp3 */; };
		4591D73A2AABFB7A0094C82B /* Asharp7piano.mp3 in Resources */ = {isa = PBXBuildFile; fileRef = 4591D7062AABFB790094C82B /* Asharp7piano.mp3 */; };
		4591D73B2AABFB7A0094C82B /* C6piano.mp3 in Resources */ = {isa = PBXBuildFile; fileRef = 4591D7072AABFB790094C82B /* C6piano.mp3 */; };
		4591D73C2AABFB7A0094C82B /* B4piano.mp3 in Resources */ = {isa = PBXBuildFile; fileRef = 4591D7082AABFB790094C82B /* B4piano.mp3 */; };
		4591D73D2AABFB7A0094C82B /* Asharp8piano.mp3 in Resources */ = {isa = PBXBuildFile; fileRef = 4591D7092AABFB790094C82B /* Asharp8piano.mp3 */; };
		4591D73E2AABFB7A0094C82B /* A1piano.mp3 in Resources */ = {isa = PBXBuildFile; fileRef = 4591D70A2AABFB790094C82B /* A1piano.mp3 */; };
		4591D73F2AABFB7A0094C82B /* B7piano.mp3 in Resources */ = {isa = PBXBuildFile; fileRef = 4591D70B2AABFB790094C82B /* B7piano.mp3 */; };
		4591D7402AABFB7A0094C82B /* Asharp6piano.mp3 in Resources */ = {isa = PBXBuildFile; fileRef = 4591D70C2AABFB790094C82B /* Asharp6piano.mp3 */; };
		4591D7412AABFB7A0094C82B /* A0piano.mp3 in Resources */ = {isa = PBXBuildFile; fileRef = 4591D70D2AABFB790094C82B /* A0piano.mp3 */; };
		4591D7422AABFB7A0094C82B /* C1piano.mp3 in Resources */ = {isa = PBXBuildFile; fileRef = 4591D70E2AABFB790094C82B /* C1piano.mp3 */; };
		4591D7432AABFB7A0094C82B /* Csharp6piano.mp3 in Resources */ = {isa = PBXBuildFile; fileRef = 4591D70F2AABFB790094C82B /* Csharp6piano.mp3 */; };
		4591D7442AABFB7A0094C82B /* C0piano.mp3 in Resources */ = {isa = PBXBuildFile; fileRef = 4591D7102AABFB790094C82B /* C0piano.mp3 */; };
		4591D7452AABFB7A0094C82B /* C3piano.mp3 in Resources */ = {isa = PBXBuildFile; fileRef = 4591D7112AABFB790094C82B /* C3piano.mp3 */; };
		4591D7462AABFB7A0094C82B /* C4piano.mp3 in Resources */ = {isa = PBXBuildFile; fileRef = 4591D7122AABFB790094C82B /* C4piano.mp3 */; };
		4591D7472AABFB7A0094C82B /* D5piano.mp3 in Resources */ = {isa = PBXBuildFile; fileRef = 4591D7132AABFB790094C82B /* D5piano.mp3 */; };
		4591D7482AABFB7A0094C82B /* A7piano.mp3 in Resources */ = {isa = PBXBuildFile; fileRef = 4591D7142AABFB790094C82B /* A7piano.mp3 */; };
		4591D7492AABFB7A0094C82B /* C8piano.mp3 in Resources */ = {isa = PBXBuildFile; fileRef = 4591D7152AABFB790094C82B /* C8piano.mp3 */; };
		4591D74A2AABFB7A0094C82B /* A8piano.mp3 in Resources */ = {isa = PBXBuildFile; fileRef = 4591D7162AABFB790094C82B /* A8piano.mp3 */; };
		4591D74B2AABFB7A0094C82B /* Asharp5piano.mp3 in Resources */ = {isa = PBXBuildFile; fileRef = 4591D7172AABFB790094C82B /* Asharp5piano.mp3 */; };
		4591D74C2AABFB7A0094C82B /* Asharp2piano.mp3 in Resources */ = {isa = PBXBuildFile; fileRef = 4591D7182AABFB790094C82B /* Asharp2piano.mp3 */; };
		4591D74D2AABFB7A0094C82B /* Asharp3piano.mp3 in Resources */ = {isa = PBXBuildFile; fileRef = 4591D7192AABFB790094C82B /* Asharp3piano.mp3 */; };
		4591D74E2AABFB7A0094C82B /* B3piano.mp3 in Resources */ = {isa = PBXBuildFile; fileRef = 4591D71A2AABFB790094C82B /* B3piano.mp3 */; };
		4591D74F2AABFB7A0094C82B /* B8piano.mp3 in Resources */ = {isa = PBXBuildFile; fileRef = 4591D71B2AABFB790094C82B /* B8piano.mp3 */; };
		4591D7502AABFB7A0094C82B /* B2piano.mp3 in Resources */ = {isa = PBXBuildFile; fileRef = 4591D71C2AABFB790094C82B /* B2piano.mp3 */; };
		4591D7512AABFB7A0094C82B /* Csharp2piano.mp3 in Resources */ = {isa = PBXBuildFile; fileRef = 4591D71D2AABFB790094C82B /* Csharp2piano.mp3 */; };
		4591D7522AABFB7A0094C82B /* D6piano.mp3 in Resources */ = {isa = PBXBuildFile; fileRef = 4591D71E2AABFB790094C82B /* D6piano.mp3 */; };
		4591D7532AABFB7A0094C82B /* A4piano.mp3 in Resources */ = {isa = PBXBuildFile; fileRef = 4591D71F2AABFB790094C82B /* A4piano.mp3 */; };
		4591D7542AABFB7A0094C82B /* Csharp8piano.mp3 in Resources */ = {isa = PBXBuildFile; fileRef = 4591D7202AABFB790094C82B /* Csharp8piano.mp3 */; };
		4591D7552AABFB7A0094C82B /* B6piano.mp3 in Resources */ = {isa = PBXBuildFile; fileRef = 4591D7212AABFB790094C82B /* B6piano.mp3 */; };
		4591D7562AABFB7A0094C82B /* Csharp7piano.mp3 in Resources */ = {isa = PBXBuildFile; fileRef = 4591D7222AABFB790094C82B /* Csharp7piano.mp3 */; };
		4591D7572AABFB7A0094C82B /* A6piano.mp3 in Resources */ = {isa = PBXBuildFile; fileRef = 4591D7232AABFB790094C82B /* A6piano.mp3 */; };
		4591D7582AABFB7A0094C82B /* Csharp3piano.mp3 in Resources */ = {isa = PBXBuildFile; fileRef = 4591D7242AABFB790094C82B /* Csharp3piano.mp3 */; };
		4591D7592AABFB7A0094C82B /* Asharp4piano.mp3 in Resources */ = {isa = PBXBuildFile; fileRef = 4591D7252AABFB790094C82B /* Asharp4piano.mp3 */; };
		4591D75A2AABFB7A0094C82B /* B5piano.mp3 in Resources */ = {isa = PBXBuildFile; fileRef = 4591D7262AABFB790094C82B /* B5piano.mp3 */; };
		4591D75B2AABFB7A0094C82B /* D2piano.mp3 in Resources */ = {isa = PBXBuildFile; fileRef = 4591D7272AABFB790094C82B /* D2piano.mp3 */; };
		4591D75C2AABFB7A0094C82B /* D4piano.mp3 in Resources */ = {isa = PBXBuildFile; fileRef = 4591D7282AABFB790094C82B /* D4piano.mp3 */; };
		4591D75D2AABFB7A0094C82B /* D1piano.mp3 in Resources */ = {isa = PBXBuildFile; fileRef = 4591D7292AABFB790094C82B /* D1piano.mp3 */; };
		4591D75E2AABFB7A0094C82B /* C2piano.mp3 in Resources */ = {isa = PBXBuildFile; fileRef = 4591D72A2AABFB790094C82B /* C2piano.mp3 */; };
		4591D75F2AABFB7A0094C82B /* A3piano.mp3 in Resources */ = {isa = PBXBuildFile; fileRef = 4591D72B2AABFB7A0094C82B /* A3piano.mp3 */; };
		4591D7602AABFB7A0094C82B /* Asharp0piano.mp3 in Resources */ = {isa = PBXBuildFile; fileRef = 4591D72C2AABFB7A0094C82B /* Asharp0piano.mp3 */; };
		4591D7612AABFB7A0094C82B /* Csharp5piano.mp3 in Resources */ = {isa = PBXBuildFile; fileRef = 4591D72D2AABFB7A0094C82B /* Csharp5piano.mp3 */; };
		4591D7622AABFB7A0094C82B /* C7piano.mp3 in Resources */ = {isa = PBXBuildFile; fileRef = 4591D72E2AABFB7A0094C82B /* C7piano.mp3 */; };
		45E3D60D2AD1F41A00E8ABB3 /* F0piano.mp3 in Resources */ = {isa = PBXBuildFile; fileRef = 45E3D5D42AD1F41900E8ABB3 /* F0piano.mp3 */; };
		45E3D60E2AD1F41A00E8ABB3 /* Fsharp0piano.mp3 in Resources */ = {isa = PBXBuildFile; fileRef = 45E3D5D52AD1F41900E8ABB3 /* Fsharp0piano.mp3 */; };
		45E3D60F2AD1F41A00E8ABB3 /* E2piano.mp3 in Resources */ = {isa = PBXBuildFile; fileRef = 45E3D5D62AD1F41900E8ABB3 /* E2piano.mp3 */; };
		45E3D6102AD1F41A00E8ABB3 /* G1piano.mp3 in Resources */ = {isa = PBXBuildFile; fileRef = 45E3D5D72AD1F41900E8ABB3 /* G1piano.mp3 */; };
		45E3D6112AD1F41A00E8ABB3 /* G0piano.mp3 in Resources */ = {isa = PBXBuildFile; fileRef = 45E3D5D82AD1F41900E8ABB3 /* G0piano.mp3 */; };
		45E3D6122AD1F41A00E8ABB3 /* F6piano.mp3 in Resources */ = {isa = PBXBuildFile; fileRef = 45E3D5D92AD1F41900E8ABB3 /* F6piano.mp3 */; };
		45E3D6132AD1F41A00E8ABB3 /* Dsharp3piano.mp3 in Resources */ = {isa = PBXBuildFile; fileRef = 45E3D5DA2AD1F41900E8ABB3 /* Dsharp3piano.mp3 */; };
		45E3D6142AD1F41A00E8ABB3 /* Dsharp1piano.mp3 in Resources */ = {isa = PBXBuildFile; fileRef = 45E3D5DB2AD1F41900E8ABB3 /* Dsharp1piano.mp3 */; };
		45E3D6152AD1F41A00E8ABB3 /* Dsharp5piano.mp3 in Resources */ = {isa = PBXBuildFile; fileRef = 45E3D5DC2AD1F41900E8ABB3 /* Dsharp5piano.mp3 */; };
		45E3D6162AD1F41A00E8ABB3 /* Gsharp4piano.mp3 in Resources */ = {isa = PBXBuildFile; fileRef = 45E3D5DD2AD1F41900E8ABB3 /* Gsharp4piano.mp3 */; };
		45E3D6172AD1F41A00E8ABB3 /* Fsharp1piano.mp3 in Resources */ = {isa = PBXBuildFile; fileRef = 45E3D5DE2AD1F41900E8ABB3 /* Fsharp1piano.mp3 */; };
		45E3D6182AD1F41A00E8ABB3 /* E7piano.mp3 in Resources */ = {isa = PBXBuildFile; fileRef = 45E3D5DF2AD1F41900E8ABB3 /* E7piano.mp3 */; };
		45E3D6192AD1F41A00E8ABB3 /* E5piano.mp3 in Resources */ = {isa = PBXBuildFile; fileRef = 45E3D5E02AD1F41900E8ABB3 /* E5piano.mp3 */; };
		45E3D61A2AD1F41A00E8ABB3 /* Gsharp7piano.mp3 in Resources */ = {isa = PBXBuildFile; fileRef = 45E3D5E12AD1F41900E8ABB3 /* Gsharp7piano.mp3 */; };
		45E3D61B2AD1F41A00E8ABB3 /* Gsharp3piano.mp3 in Resources */ = {isa = PBXBuildFile; fileRef = 45E3D5E22AD1F41900E8ABB3 /* Gsharp3piano.mp3 */; };
		45E3D61C2AD1F41A00E8ABB3 /* Fsharp8piano.mp3 in Resources */ = {isa = PBXBuildFile; fileRef = 45E3D5E32AD1F41900E8ABB3 /* Fsharp8piano.mp3 */; };
		45E3D61D2AD1F41A00E8ABB3 /* Dsharp6piano.mp3 in Resources */ = {isa = PBXBuildFile; fileRef = 45E3D5E42AD1F41900E8ABB3 /* Dsharp6piano.mp3 */; };
		45E3D61E2AD1F41A00E8ABB3 /* Dsharp2piano.mp3 in Resources */ = {isa = PBXBuildFile; fileRef = 45E3D5E52AD1F41900E8ABB3 /* Dsharp2piano.mp3 */; };
		45E3D61F2AD1F41A00E8ABB3 /* F7piano.mp3 in Resources */ = {isa = PBXBuildFile; fileRef = 45E3D5E62AD1F41900E8ABB3 /* F7piano.mp3 */; };
		45E3D6202AD1F41A00E8ABB3 /* F5piano.mp3 in Resources */ = {isa = PBXBuildFile; fileRef = 45E3D5E72AD1F41900E8ABB3 /* F5piano.mp3 */; };
		45E3D6212AD1F41A00E8ABB3 /* F8piano.mp3 in Resources */ = {isa = PBXBuildFile; fileRef = 45E3D5E82AD1F41900E8ABB3 /* F8piano.mp3 */; };
		45E3D6222AD1F41A00E8ABB3 /* G3piano.mp3 in Resources */ = {isa = PBXBuildFile; fileRef = 45E3D5E92AD1F41900E8ABB3 /* G3piano.mp3 */; };
		45E3D6232AD1F41A00E8ABB3 /* E1piano.mp3 in Resources */ = {isa = PBXBuildFile; fileRef = 45E3D5EA2AD1F41900E8ABB3 /* E1piano.mp3 */; };
		45E3D6242AD1F41A00E8ABB3 /* G7piano.mp3 in Resources */ = {isa = PBXBuildFile; fileRef = 45E3D5EB2AD1F41900E8ABB3 /* G7piano.mp3 */; };
		45E3D6252AD1F41A00E8ABB3 /* Dsharp0piano.mp3 in Resources */ = {isa = PBXBuildFile; fileRef = 45E3D5EC2AD1F41900E8ABB3 /* Dsharp0piano.mp3 */; };
		45E3D6262AD1F41A00E8ABB3 /* F4piano.mp3 in Resources */ = {isa = PBXBuildFile; fileRef = 45E3D5ED2AD1F41900E8ABB3 /* F4piano.mp3 */; };
		45E3D6272AD1F41A00E8ABB3 /* G5piano.mp3 in Resources */ = {isa = PBXBuildFile; fileRef = 45E3D5EE2AD1F41900E8ABB3 /* G5piano.mp3 */; };
		45E3D6282AD1F41A00E8ABB3 /* Dsharp7piano.mp3 in Resources */ = {isa = PBXBuildFile; fileRef = 45E3D5EF2AD1F41900E8ABB3 /* Dsharp7piano.mp3 */; };
		45E3D6292AD1F41A00E8ABB3 /* F2piano.mp3 in Resources */ = {isa = PBXBuildFile; fileRef = 45E3D5F02AD1F41900E8ABB3 /* F2piano.mp3 */; };
		45E3D62B2AD1F41A00E8ABB3 /* G2piano.mp3 in Resources */ = {isa = PBXBuildFile; fileRef = 45E3D5F22AD1F41A00E8ABB3 /* G2piano.mp3 */; };
		45E3D62C2AD1F41A00E8ABB3 /* Fsharp2piano.mp3 in Resources */ = {isa = PBXBuildFile; fileRef = 45E3D5F32AD1F41A00E8ABB3 /* Fsharp2piano.mp3 */; };
		45E3D62D2AD1F41A00E8ABB3 /* Gsharp6piano.mp3 in Resources */ = {isa = PBXBuildFile; fileRef = 45E3D5F42AD1F41A00E8ABB3 /* Gsharp6piano.mp3 */; };
		45E3D62E2AD1F41A00E8ABB3 /* Gsharp2piano.mp3 in Resources */ = {isa = PBXBuildFile; fileRef = 45E3D5F52AD1F41A00E8ABB3 /* Gsharp2piano.mp3 */; };
		45E3D62F2AD1F41A00E8ABB3 /* Fsharp5piano.mp3 in Resources */ = {isa = PBXBuildFile; fileRef = 45E3D5F62AD1F41A00E8ABB3 /* Fsharp5piano.mp3 */; };
		45E3D6302AD1F41A00E8ABB3 /* G4piano.mp3 in Resources */ = {isa = PBXBuildFile; fileRef = 45E3D5F72AD1F41A00E8ABB3 /* G4piano.mp3 */; };
		45E3D6312AD1F41A00E8ABB3 /* Gsharp1piano.mp3 in Resources */ = {isa = PBXBuildFile; fileRef = 45E3D5F82AD1F41A00E8ABB3 /* Gsharp1piano.mp3 */; };
		45E3D6322AD1F41A00E8ABB3 /* F1piano.mp3 in Resources */ = {isa = PBXBuildFile; fileRef = 45E3D5F92AD1F41A00E8ABB3 /* F1piano.mp3 */; };
		45E3D6332AD1F41A00E8ABB3 /* Fsharp3piano.mp3 in Resources */ = {isa = PBXBuildFile; fileRef = 45E3D5FA2AD1F41A00E8ABB3 /* Fsharp3piano.mp3 */; };
		45E3D6342AD1F41A00E8ABB3 /* F3piano.mp3 in Resources */ = {isa = PBXBuildFile; fileRef = 45E3D5FB2AD1F41A00E8ABB3 /* F3piano.mp3 */; };
		45E3D6352AD1F41A00E8ABB3 /* Dsharp8piano.mp3 in Resources */ = {isa = PBXBuildFile; fileRef = 45E3D5FC2AD1F41A00E8ABB3 /* Dsharp8piano.mp3 */; };
		45E3D6362AD1F41A00E8ABB3 /* E3piano.mp3 in Resources */ = {isa = PBXBuildFile; fileRef = 45E3D5FD2AD1F41A00E8ABB3 /* E3piano.mp3 */; };
		45E3D6372AD1F41A00E8ABB3 /* Fsharp6piano.mp3 in Resources */ = {isa = PBXBuildFile; fileRef = 45E3D5FE2AD1F41A00E8ABB3 /* Fsharp6piano.mp3 */; };
		45E3D6382AD1F41A00E8ABB3 /* E4piano.mp3 in Resources */ = {isa = PBXBuildFile; fileRef = 45E3D5FF2AD1F41A00E8ABB3 /* E4piano.mp3 */; };
		45E3D6392AD1F41A00E8ABB3 /* D8piano.mp3 in Resources */ = {isa = PBXBuildFile; fileRef = 45E3D6002AD1F41A00E8ABB3 /* D8piano.mp3 */; };
		45E3D63A2AD1F41A00E8ABB3 /* Gsharp5piano.mp3 in Resources */ = {isa = PBXBuildFile; fileRef = 45E3D6012AD1F41A00E8ABB3 /* Gsharp5piano.mp3 */; };
		45E3D63B2AD1F41A00E8ABB3 /* Gsharp0piano.mp3 in Resources */ = {isa = PBXBuildFile; fileRef = 45E3D6022AD1F41A00E8ABB3 /* Gsharp0piano.mp3 */; };
		45E3D63C2AD1F41A00E8ABB3 /* Fsharp7piano.mp3 in Resources */ = {isa = PBXBuildFile; fileRef = 45E3D6032AD1F41A00E8ABB3 /* Fsharp7piano.mp3 */; };
		45E3D63D2AD1F41A00E8ABB3 /* Fsharp4piano.mp3 in Resources */ = {isa = PBXBuildFile; fileRef = 45E3D6042AD1F41A00E8ABB3 /* Fsharp4piano.mp3 */; };
		45E3D63E2AD1F41A00E8ABB3 /* E0piano.mp3 in Resources */ = {isa = PBXBuildFile; fileRef = 45E3D6052AD1F41A00E8ABB3 /* E0piano.mp3 */; };
		45E3D63F2AD1F41A00E8ABB3 /* G8piano.mp3 in Resources */ = {isa = PBXBuildFile; fileRef = 45E3D6062AD1F41A00E8ABB3 /* G8piano.mp3 */; };
		45E3D6402AD1F41A00E8ABB3 /* D7piano.mp3 in Resources */ = {isa = PBXBuildFile; fileRef = 45E3D6072AD1F41A00E8ABB3 /* D7piano.mp3 */; };
		45E3D6412AD1F41A00E8ABB3 /* G6piano.mp3 in Resources */ = {isa = PBXBuildFile; fileRef = 45E3D6082AD1F41A00E8ABB3 /* G6piano.mp3 */; };
		45E3D6422AD1F41A00E8ABB3 /* E6piano.mp3 in Resources */ = {isa = PBXBuildFile; fileRef = 45E3D6092AD1F41A00E8ABB3 /* E6piano.mp3 */; };
		45E3D6432AD1F41A00E8ABB3 /* E8piano.mp3 in Resources */ = {isa = PBXBuildFile; fileRef = 45E3D60A2AD1F41A00E8ABB3 /* E8piano.mp3 */; };
		45E3D6442AD1F41A00E8ABB3 /* Dsharp4piano.mp3 in Resources */ = {isa = PBXBuildFile; fileRef = 45E3D60B2AD1F41A00E8ABB3 /* Dsharp4piano.mp3 */; };
		45E3D6452AD1F41A00E8ABB3 /* Gsharp8piano.mp3 in Resources */ = {isa = PBXBuildFile; fileRef = 45E3D60C2AD1F41A00E8ABB3 /* Gsharp8piano.mp3 */; };
		7699B88040F8A987B510C191 /* libPods-OpenEarTrainer-OpenEarTrainerTests.a in Frameworks */ = {isa = PBXBuildFile; fileRef = 19F6CBCC0A4E27FBF8BF4A61 /* libPods-OpenEarTrainer-OpenEarTrainerTests.a */; };
		81AB9BB82411601600AC10FF /* LaunchScreen.storyboard in Resources */ = {isa = PBXBuildFile; fileRef = 81AB9BB72411601600AC10FF /* LaunchScreen.storyboard */; };
/* End PBXBuildFile section */

/* Begin PBXContainerItemProxy section */
		00E356F41AD99517003FC87E /* PBXContainerItemProxy */ = {
			isa = PBXContainerItemProxy;
			containerPortal = 83CBB9F71A601CBA00E9B192 /* Project object */;
			proxyType = 1;
			remoteGlobalIDString = 13B07F861A680F5B00A75B9A;
			remoteInfo = OpenEarTrainer;
		};
/* End PBXContainerItemProxy section */

/* Begin PBXFileReference section */
		00E356EE1AD99517003FC87E /* OpenEarTrainerTests.xctest */ = {isa = PBXFileReference; explicitFileType = wrapper.cfbundle; includeInIndex = 0; path = OpenEarTrainerTests.xctest; sourceTree = BUILT_PRODUCTS_DIR; };
		00E356F11AD99517003FC87E /* Info.plist */ = {isa = PBXFileReference; lastKnownFileType = text.plist.xml; path = Info.plist; sourceTree = "<group>"; };
		00E356F21AD99517003FC87E /* OpenEarTrainerTests.m */ = {isa = PBXFileReference; lastKnownFileType = sourcecode.c.objc; path = OpenEarTrainerTests.m; sourceTree = "<group>"; };
		13B07F961A680F5B00A75B9A /* OpenEarTrainer.app */ = {isa = PBXFileReference; explicitFileType = wrapper.application; includeInIndex = 0; path = OpenEarTrainer.app; sourceTree = BUILT_PRODUCTS_DIR; };
		13B07FAF1A68108700A75B9A /* AppDelegate.h */ = {isa = PBXFileReference; fileEncoding = 4; lastKnownFileType = sourcecode.c.h; name = AppDelegate.h; path = OpenEarTrainer/AppDelegate.h; sourceTree = "<group>"; };
		13B07FB01A68108700A75B9A /* AppDelegate.mm */ = {isa = PBXFileReference; fileEncoding = 4; lastKnownFileType = sourcecode.cpp.objcpp; name = AppDelegate.mm; path = OpenEarTrainer/AppDelegate.mm; sourceTree = "<group>"; };
		13B07FB51A68108700A75B9A /* Images.xcassets */ = {isa = PBXFileReference; lastKnownFileType = folder.assetcatalog; name = Images.xcassets; path = OpenEarTrainer/Images.xcassets; sourceTree = "<group>"; };
		13B07FB61A68108700A75B9A /* Info.plist */ = {isa = PBXFileReference; fileEncoding = 4; lastKnownFileType = text.plist.xml; name = Info.plist; path = OpenEarTrainer/Info.plist; sourceTree = "<group>"; };
		13B07FB71A68108700A75B9A /* main.m */ = {isa = PBXFileReference; fileEncoding = 4; lastKnownFileType = sourcecode.c.objc; name = main.m; path = OpenEarTrainer/main.m; sourceTree = "<group>"; };
		19F6CBCC0A4E27FBF8BF4A61 /* libPods-OpenEarTrainer-OpenEarTrainerTests.a */ = {isa = PBXFileReference; explicitFileType = archive.ar; includeInIndex = 0; path = "libPods-OpenEarTrainer-OpenEarTrainerTests.a"; sourceTree = BUILT_PRODUCTS_DIR; };
		3B4392A12AC88292D35C810B /* Pods-OpenEarTrainer.debug.xcconfig */ = {isa = PBXFileReference; includeInIndex = 1; lastKnownFileType = text.xcconfig; name = "Pods-OpenEarTrainer.debug.xcconfig"; path = "Target Support Files/Pods-OpenEarTrainer/Pods-OpenEarTrainer.debug.xcconfig"; sourceTree = "<group>"; };
		4591D6FB2AABFB790094C82B /* Csharp1piano.mp3 */ = {isa = PBXFileReference; lastKnownFileType = audio.mp3; name = Csharp1piano.mp3; path = ../sound_files/Csharp1piano.mp3; sourceTree = "<group>"; };
		4591D6FC2AABFB790094C82B /* Csharp4piano.mp3 */ = {isa = PBXFileReference; lastKnownFileType = audio.mp3; name = Csharp4piano.mp3; path = ../sound_files/Csharp4piano.mp3; sourceTree = "<group>"; };
		4591D6FD2AABFB790094C82B /* Csharp0piano.mp3 */ = {isa = PBXFileReference; lastKnownFileType = audio.mp3; name = Csharp0piano.mp3; path = ../sound_files/Csharp0piano.mp3; sourceTree = "<group>"; };
		4591D6FE2AABFB790094C82B /* D3piano.mp3 */ = {isa = PBXFileReference; lastKnownFileType = audio.mp3; name = D3piano.mp3; path = ../sound_files/D3piano.mp3; sourceTree = "<group>"; };
		4591D6FF2AABFB790094C82B /* C5piano.mp3 */ = {isa = PBXFileReference; lastKnownFileType = audio.mp3; name = C5piano.mp3; path = ../sound_files/C5piano.mp3; sourceTree = "<group>"; };
		4591D7002AABFB790094C82B /* D0piano.mp3 */ = {isa = PBXFileReference; lastKnownFileType = audio.mp3; name = D0piano.mp3; path = ../sound_files/D0piano.mp3; sourceTree = "<group>"; };
		4591D7012AABFB790094C82B /* Asharp1piano.mp3 */ = {isa = PBXFileReference; lastKnownFileType = audio.mp3; name = Asharp1piano.mp3; path = ../sound_files/Asharp1piano.mp3; sourceTree = "<group>"; };
		4591D7022AABFB790094C82B /* B0piano.mp3 */ = {isa = PBXFileReference; lastKnownFileType = audio.mp3; name = B0piano.mp3; path = ../sound_files/B0piano.mp3; sourceTree = "<group>"; };
		4591D7032AABFB790094C82B /* A5piano.mp3 */ = {isa = PBXFileReference; lastKnownFileType = audio.mp3; name = A5piano.mp3; path = ../sound_files/A5piano.mp3; sourceTree = "<group>"; };
		4591D7042AABFB790094C82B /* B1piano.mp3 */ = {isa = PBXFileReference; lastKnownFileType = audio.mp3; name = B1piano.mp3; path = ../sound_files/B1piano.mp3; sourceTree = "<group>"; };
		4591D7052AABFB790094C82B /* A2piano.mp3 */ = {isa = PBXFileReference; lastKnownFileType = audio.mp3; name = A2piano.mp3; path = ../sound_files/A2piano.mp3; sourceTree = "<group>"; };
		4591D7062AABFB790094C82B /* Asharp7piano.mp3 */ = {isa = PBXFileReference; lastKnownFileType = audio.mp3; name = Asharp7piano.mp3; path = ../sound_files/Asharp7piano.mp3; sourceTree = "<group>"; };
		4591D7072AABFB790094C82B /* C6piano.mp3 */ = {isa = PBXFileReference; lastKnownFileType = audio.mp3; name = C6piano.mp3; path = ../sound_files/C6piano.mp3; sourceTree = "<group>"; };
		4591D7082AABFB790094C82B /* B4piano.mp3 */ = {isa = PBXFileReference; lastKnownFileType = audio.mp3; name = B4piano.mp3; path = ../sound_files/B4piano.mp3; sourceTree = "<group>"; };
		4591D7092AABFB790094C82B /* Asharp8piano.mp3 */ = {isa = PBXFileReference; lastKnownFileType = audio.mp3; name = Asharp8piano.mp3; path = ../sound_files/Asharp8piano.mp3; sourceTree = "<group>"; };
		4591D70A2AABFB790094C82B /* A1piano.mp3 */ = {isa = PBXFileReference; lastKnownFileType = audio.mp3; name = A1piano.mp3; path = ../sound_files/A1piano.mp3; sourceTree = "<group>"; };
		4591D70B2AABFB790094C82B /* B7piano.mp3 */ = {isa = PBXFileReference; lastKnownFileType = audio.mp3; name = B7piano.mp3; path = ../sound_files/B7piano.mp3; sourceTree = "<group>"; };
		4591D70C2AABFB790094C82B /* Asharp6piano.mp3 */ = {isa = PBXFileReference; lastKnownFileType = audio.mp3; name = Asharp6piano.mp3; path = ../sound_files/Asharp6piano.mp3; sourceTree = "<group>"; };
		4591D70D2AABFB790094C82B /* A0piano.mp3 */ = {isa = PBXFileReference; lastKnownFileType = audio.mp3; name = A0piano.mp3; path = ../sound_files/A0piano.mp3; sourceTree = "<group>"; };
		4591D70E2AABFB790094C82B /* C1piano.mp3 */ = {isa = PBXFileReference; lastKnownFileType = audio.mp3; name = C1piano.mp3; path = ../sound_files/C1piano.mp3; sourceTree = "<group>"; };
		4591D70F2AABFB790094C82B /* Csharp6piano.mp3 */ = {isa = PBXFileReference; lastKnownFileType = audio.mp3; name = Csharp6piano.mp3; path = ../sound_files/Csharp6piano.mp3; sourceTree = "<group>"; };
		4591D7102AABFB790094C82B /* C0piano.mp3 */ = {isa = PBXFileReference; lastKnownFileType = audio.mp3; name = C0piano.mp3; path = ../sound_files/C0piano.mp3; sourceTree = "<group>"; };
		4591D7112AABFB790094C82B /* C3piano.mp3 */ = {isa = PBXFileReference; lastKnownFileType = audio.mp3; name = C3piano.mp3; path = ../sound_files/C3piano.mp3; sourceTree = "<group>"; };
		4591D7122AABFB790094C82B /* C4piano.mp3 */ = {isa = PBXFileReference; lastKnownFileType = audio.mp3; name = C4piano.mp3; path = ../sound_files/C4piano.mp3; sourceTree = "<group>"; };
		4591D7132AABFB790094C82B /* D5piano.mp3 */ = {isa = PBXFileReference; lastKnownFileType = audio.mp3; name = D5piano.mp3; path = ../sound_files/D5piano.mp3; sourceTree = "<group>"; };
		4591D7142AABFB790094C82B /* A7piano.mp3 */ = {isa = PBXFileReference; lastKnownFileType = audio.mp3; name = A7piano.mp3; path = ../sound_files/A7piano.mp3; sourceTree = "<group>"; };
		4591D7152AABFB790094C82B /* C8piano.mp3 */ = {isa = PBXFileReference; lastKnownFileType = audio.mp3; name = C8piano.mp3; path = ../sound_files/C8piano.mp3; sourceTree = "<group>"; };
		4591D7162AABFB790094C82B /* A8piano.mp3 */ = {isa = PBXFileReference; lastKnownFileType = audio.mp3; name = A8piano.mp3; path = ../sound_files/A8piano.mp3; sourceTree = "<group>"; };
		4591D7172AABFB790094C82B /* Asharp5piano.mp3 */ = {isa = PBXFileReference; lastKnownFileType = audio.mp3; name = Asharp5piano.mp3; path = ../sound_files/Asharp5piano.mp3; sourceTree = "<group>"; };
		4591D7182AABFB790094C82B /* Asharp2piano.mp3 */ = {isa = PBXFileReference; lastKnownFileType = audio.mp3; name = Asharp2piano.mp3; path = ../sound_files/Asharp2piano.mp3; sourceTree = "<group>"; };
		4591D7192AABFB790094C82B /* Asharp3piano.mp3 */ = {isa = PBXFileReference; lastKnownFileType = audio.mp3; name = Asharp3piano.mp3; path = ../sound_files/Asharp3piano.mp3; sourceTree = "<group>"; };
		4591D71A2AABFB790094C82B /* B3piano.mp3 */ = {isa = PBXFileReference; lastKnownFileType = audio.mp3; name = B3piano.mp3; path = ../sound_files/B3piano.mp3; sourceTree = "<group>"; };
		4591D71B2AABFB790094C82B /* B8piano.mp3 */ = {isa = PBXFileReference; lastKnownFileType = audio.mp3; name = B8piano.mp3; path = ../sound_files/B8piano.mp3; sourceTree = "<group>"; };
		4591D71C2AABFB790094C82B /* B2piano.mp3 */ = {isa = PBXFileReference; lastKnownFileType = audio.mp3; name = B2piano.mp3; path = ../sound_files/B2piano.mp3; sourceTree = "<group>"; };
		4591D71D2AABFB790094C82B /* Csharp2piano.mp3 */ = {isa = PBXFileReference; lastKnownFileType = audio.mp3; name = Csharp2piano.mp3; path = ../sound_files/Csharp2piano.mp3; sourceTree = "<group>"; };
		4591D71E2AABFB790094C82B /* D6piano.mp3 */ = {isa = PBXFileReference; lastKnownFileType = audio.mp3; name = D6piano.mp3; path = ../sound_files/D6piano.mp3; sourceTree = "<group>"; };
		4591D71F2AABFB790094C82B /* A4piano.mp3 */ = {isa = PBXFileReference; lastKnownFileType = audio.mp3; name = A4piano.mp3; path = ../sound_files/A4piano.mp3; sourceTree = "<group>"; };
		4591D7202AABFB790094C82B /* Csharp8piano.mp3 */ = {isa = PBXFileReference; lastKnownFileType = audio.mp3; name = Csharp8piano.mp3; path = ../sound_files/Csharp8piano.mp3; sourceTree = "<group>"; };
		4591D7212AABFB790094C82B /* B6piano.mp3 */ = {isa = PBXFileReference; lastKnownFileType = audio.mp3; name = B6piano.mp3; path = ../sound_files/B6piano.mp3; sourceTree = "<group>"; };
		4591D7222AABFB790094C82B /* Csharp7piano.mp3 */ = {isa = PBXFileReference; lastKnownFileType = audio.mp3; name = Csharp7piano.mp3; path = ../sound_files/Csharp7piano.mp3; sourceTree = "<group>"; };
		4591D7232AABFB790094C82B /* A6piano.mp3 */ = {isa = PBXFileReference; lastKnownFileType = audio.mp3; name = A6piano.mp3; path = ../sound_files/A6piano.mp3; sourceTree = "<group>"; };
		4591D7242AABFB790094C82B /* Csharp3piano.mp3 */ = {isa = PBXFileReference; lastKnownFileType = audio.mp3; name = Csharp3piano.mp3; path = ../sound_files/Csharp3piano.mp3; sourceTree = "<group>"; };
		4591D7252AABFB790094C82B /* Asharp4piano.mp3 */ = {isa = PBXFileReference; lastKnownFileType = audio.mp3; name = Asharp4piano.mp3; path = ../sound_files/Asharp4piano.mp3; sourceTree = "<group>"; };
		4591D7262AABFB790094C82B /* B5piano.mp3 */ = {isa = PBXFileReference; lastKnownFileType = audio.mp3; name = B5piano.mp3; path = ../sound_files/B5piano.mp3; sourceTree = "<group>"; };
		4591D7272AABFB790094C82B /* D2piano.mp3 */ = {isa = PBXFileReference; lastKnownFileType = audio.mp3; name = D2piano.mp3; path = ../sound_files/D2piano.mp3; sourceTree = "<group>"; };
		4591D7282AABFB790094C82B /* D4piano.mp3 */ = {isa = PBXFileReference; lastKnownFileType = audio.mp3; name = D4piano.mp3; path = ../sound_files/D4piano.mp3; sourceTree = "<group>"; };
		4591D7292AABFB790094C82B /* D1piano.mp3 */ = {isa = PBXFileReference; lastKnownFileType = audio.mp3; name = D1piano.mp3; path = ../sound_files/D1piano.mp3; sourceTree = "<group>"; };
		4591D72A2AABFB790094C82B /* C2piano.mp3 */ = {isa = PBXFileReference; lastKnownFileType = audio.mp3; name = C2piano.mp3; path = ../sound_files/C2piano.mp3; sourceTree = "<group>"; };
		4591D72B2AABFB7A0094C82B /* A3piano.mp3 */ = {isa = PBXFileReference; lastKnownFileType = audio.mp3; name = A3piano.mp3; path = ../sound_files/A3piano.mp3; sourceTree = "<group>"; };
		4591D72C2AABFB7A0094C82B /* Asharp0piano.mp3 */ = {isa = PBXFileReference; lastKnownFileType = audio.mp3; name = Asharp0piano.mp3; path = ../sound_files/Asharp0piano.mp3; sourceTree = "<group>"; };
		4591D72D2AABFB7A0094C82B /* Csharp5piano.mp3 */ = {isa = PBXFileReference; lastKnownFileType = audio.mp3; name = Csharp5piano.mp3; path = ../sound_files/Csharp5piano.mp3; sourceTree = "<group>"; };
		4591D72E2AABFB7A0094C82B /* C7piano.mp3 */ = {isa = PBXFileReference; lastKnownFileType = audio.mp3; name = C7piano.mp3; path = ../sound_files/C7piano.mp3; sourceTree = "<group>"; };
		45E3D5D42AD1F41900E8ABB3 /* F0piano.mp3 */ = {isa = PBXFileReference; lastKnownFileType = audio.mp3; name = F0piano.mp3; path = ../sound_files/F0piano.mp3; sourceTree = "<group>"; };
		45E3D5D52AD1F41900E8ABB3 /* Fsharp0piano.mp3 */ = {isa = PBXFileReference; lastKnownFileType = audio.mp3; name = Fsharp0piano.mp3; path = ../sound_files/Fsharp0piano.mp3; sourceTree = "<group>"; };
		45E3D5D62AD1F41900E8ABB3 /* E2piano.mp3 */ = {isa = PBXFileReference; lastKnownFileType = audio.mp3; name = E2piano.mp3; path = ../sound_files/E2piano.mp3; sourceTree = "<group>"; };
		45E3D5D72AD1F41900E8ABB3 /* G1piano.mp3 */ = {isa = PBXFileReference; lastKnownFileType = audio.mp3; name = G1piano.mp3; path = ../sound_files/G1piano.mp3; sourceTree = "<group>"; };
		45E3D5D82AD1F41900E8ABB3 /* G0piano.mp3 */ = {isa = PBXFileReference; lastKnownFileType = audio.mp3; name = G0piano.mp3; path = ../sound_files/G0piano.mp3; sourceTree = "<group>"; };
		45E3D5D92AD1F41900E8ABB3 /* F6piano.mp3 */ = {isa = PBXFileReference; lastKnownFileType = audio.mp3; name = F6piano.mp3; path = ../sound_files/F6piano.mp3; sourceTree = "<group>"; };
		45E3D5DA2AD1F41900E8ABB3 /* Dsharp3piano.mp3 */ = {isa = PBXFileReference; lastKnownFileType = audio.mp3; name = Dsharp3piano.mp3; path = ../sound_files/Dsharp3piano.mp3; sourceTree = "<group>"; };
		45E3D5DB2AD1F41900E8ABB3 /* Dsharp1piano.mp3 */ = {isa = PBXFileReference; lastKnownFileType = audio.mp3; name = Dsharp1piano.mp3; path = ../sound_files/Dsharp1piano.mp3; sourceTree = "<group>"; };
		45E3D5DC2AD1F41900E8ABB3 /* Dsharp5piano.mp3 */ = {isa = PBXFileReference; lastKnownFileType = audio.mp3; name = Dsharp5piano.mp3; path = ../sound_files/Dsharp5piano.mp3; sourceTree = "<group>"; };
		45E3D5DD2AD1F41900E8ABB3 /* Gsharp4piano.mp3 */ = {isa = PBXFileReference; lastKnownFileType = audio.mp3; name = Gsharp4piano.mp3; path = ../sound_files/Gsharp4piano.mp3; sourceTree = "<group>"; };
		45E3D5DE2AD1F41900E8ABB3 /* Fsharp1piano.mp3 */ = {isa = PBXFileReference; lastKnownFileType = audio.mp3; name = Fsharp1piano.mp3; path = ../sound_files/Fsharp1piano.mp3; sourceTree = "<group>"; };
		45E3D5DF2AD1F41900E8ABB3 /* E7piano.mp3 */ = {isa = PBXFileReference; lastKnownFileType = audio.mp3; name = E7piano.mp3; path = ../sound_files/E7piano.mp3; sourceTree = "<group>"; };
		45E3D5E02AD1F41900E8ABB3 /* E5piano.mp3 */ = {isa = PBXFileReference; lastKnownFileType = audio.mp3; name = E5piano.mp3; path = ../sound_files/E5piano.mp3; sourceTree = "<group>"; };
		45E3D5E12AD1F41900E8ABB3 /* Gsharp7piano.mp3 */ = {isa = PBXFileReference; lastKnownFileType = audio.mp3; name = Gsharp7piano.mp3; path = ../sound_files/Gsharp7piano.mp3; sourceTree = "<group>"; };
		45E3D5E22AD1F41900E8ABB3 /* Gsharp3piano.mp3 */ = {isa = PBXFileReference; lastKnownFileType = audio.mp3; name = Gsharp3piano.mp3; path = ../sound_files/Gsharp3piano.mp3; sourceTree = "<group>"; };
		45E3D5E32AD1F41900E8ABB3 /* Fsharp8piano.mp3 */ = {isa = PBXFileReference; lastKnownFileType = audio.mp3; name = Fsharp8piano.mp3; path = ../sound_files/Fsharp8piano.mp3; sourceTree = "<group>"; };
		45E3D5E42AD1F41900E8ABB3 /* Dsharp6piano.mp3 */ = {isa = PBXFileReference; lastKnownFileType = audio.mp3; name = Dsharp6piano.mp3; path = ../sound_files/Dsharp6piano.mp3; sourceTree = "<group>"; };
		45E3D5E52AD1F41900E8ABB3 /* Dsharp2piano.mp3 */ = {isa = PBXFileReference; lastKnownFileType = audio.mp3; name = Dsharp2piano.mp3; path = ../sound_files/Dsharp2piano.mp3; sourceTree = "<group>"; };
		45E3D5E62AD1F41900E8ABB3 /* F7piano.mp3 */ = {isa = PBXFileReference; lastKnownFileType = audio.mp3; name = F7piano.mp3; path = ../sound_files/F7piano.mp3; sourceTree = "<group>"; };
		45E3D5E72AD1F41900E8ABB3 /* F5piano.mp3 */ = {isa = PBXFileReference; lastKnownFileType = audio.mp3; name = F5piano.mp3; path = ../sound_files/F5piano.mp3; sourceTree = "<group>"; };
		45E3D5E82AD1F41900E8ABB3 /* F8piano.mp3 */ = {isa = PBXFileReference; lastKnownFileType = audio.mp3; name = F8piano.mp3; path = ../sound_files/F8piano.mp3; sourceTree = "<group>"; };
		45E3D5E92AD1F41900E8ABB3 /* G3piano.mp3 */ = {isa = PBXFileReference; lastKnownFileType = audio.mp3; name = G3piano.mp3; path = ../sound_files/G3piano.mp3; sourceTree = "<group>"; };
		45E3D5EA2AD1F41900E8ABB3 /* E1piano.mp3 */ = {isa = PBXFileReference; lastKnownFileType = audio.mp3; name = E1piano.mp3; path = ../sound_files/E1piano.mp3; sourceTree = "<group>"; };
		45E3D5EB2AD1F41900E8ABB3 /* G7piano.mp3 */ = {isa = PBXFileReference; lastKnownFileType = audio.mp3; name = G7piano.mp3; path = ../sound_files/G7piano.mp3; sourceTree = "<group>"; };
		45E3D5EC2AD1F41900E8ABB3 /* Dsharp0piano.mp3 */ = {isa = PBXFileReference; lastKnownFileType = audio.mp3; name = Dsharp0piano.mp3; path = ../sound_files/Dsharp0piano.mp3; sourceTree = "<group>"; };
		45E3D5ED2AD1F41900E8ABB3 /* F4piano.mp3 */ = {isa = PBXFileReference; lastKnownFileType = audio.mp3; name = F4piano.mp3; path = ../sound_files/F4piano.mp3; sourceTree = "<group>"; };
		45E3D5EE2AD1F41900E8ABB3 /* G5piano.mp3 */ = {isa = PBXFileReference; lastKnownFileType = audio.mp3; name = G5piano.mp3; path = ../sound_files/G5piano.mp3; sourceTree = "<group>"; };
		45E3D5EF2AD1F41900E8ABB3 /* Dsharp7piano.mp3 */ = {isa = PBXFileReference; lastKnownFileType = audio.mp3; name = Dsharp7piano.mp3; path = ../sound_files/Dsharp7piano.mp3; sourceTree = "<group>"; };
		45E3D5F02AD1F41900E8ABB3 /* F2piano.mp3 */ = {isa = PBXFileReference; lastKnownFileType = audio.mp3; name = F2piano.mp3; path = ../sound_files/F2piano.mp3; sourceTree = "<group>"; };
		45E3D5F22AD1F41A00E8ABB3 /* G2piano.mp3 */ = {isa = PBXFileReference; lastKnownFileType = audio.mp3; name = G2piano.mp3; path = ../sound_files/G2piano.mp3; sourceTree = "<group>"; };
		45E3D5F32AD1F41A00E8ABB3 /* Fsharp2piano.mp3 */ = {isa = PBXFileReference; lastKnownFileType = audio.mp3; name = Fsharp2piano.mp3; path = ../sound_files/Fsharp2piano.mp3; sourceTree = "<group>"; };
		45E3D5F42AD1F41A00E8ABB3 /* Gsharp6piano.mp3 */ = {isa = PBXFileReference; lastKnownFileType = audio.mp3; name = Gsharp6piano.mp3; path = ../sound_files/Gsharp6piano.mp3; sourceTree = "<group>"; };
		45E3D5F52AD1F41A00E8ABB3 /* Gsharp2piano.mp3 */ = {isa = PBXFileReference; lastKnownFileType = audio.mp3; name = Gsharp2piano.mp3; path = ../sound_files/Gsharp2piano.mp3; sourceTree = "<group>"; };
		45E3D5F62AD1F41A00E8ABB3 /* Fsharp5piano.mp3 */ = {isa = PBXFileReference; lastKnownFileType = audio.mp3; name = Fsharp5piano.mp3; path = ../sound_files/Fsharp5piano.mp3; sourceTree = "<group>"; };
		45E3D5F72AD1F41A00E8ABB3 /* G4piano.mp3 */ = {isa = PBXFileReference; lastKnownFileType = audio.mp3; name = G4piano.mp3; path = ../sound_files/G4piano.mp3; sourceTree = "<group>"; };
		45E3D5F82AD1F41A00E8ABB3 /* Gsharp1piano.mp3 */ = {isa = PBXFileReference; lastKnownFileType = audio.mp3; name = Gsharp1piano.mp3; path = ../sound_files/Gsharp1piano.mp3; sourceTree = "<group>"; };
		45E3D5F92AD1F41A00E8ABB3 /* F1piano.mp3 */ = {isa = PBXFileReference; lastKnownFileType = audio.mp3; name = F1piano.mp3; path = ../sound_files/F1piano.mp3; sourceTree = "<group>"; };
		45E3D5FA2AD1F41A00E8ABB3 /* Fsharp3piano.mp3 */ = {isa = PBXFileReference; lastKnownFileType = audio.mp3; name = Fsharp3piano.mp3; path = ../sound_files/Fsharp3piano.mp3; sourceTree = "<group>"; };
		45E3D5FB2AD1F41A00E8ABB3 /* F3piano.mp3 */ = {isa = PBXFileReference; lastKnownFileType = audio.mp3; name = F3piano.mp3; path = ../sound_files/F3piano.mp3; sourceTree = "<group>"; };
		45E3D5FC2AD1F41A00E8ABB3 /* Dsharp8piano.mp3 */ = {isa = PBXFileReference; lastKnownFileType = audio.mp3; name = Dsharp8piano.mp3; path = ../sound_files/Dsharp8piano.mp3; sourceTree = "<group>"; };
		45E3D5FD2AD1F41A00E8ABB3 /* E3piano.mp3 */ = {isa = PBXFileReference; lastKnownFileType = audio.mp3; name = E3piano.mp3; path = ../sound_files/E3piano.mp3; sourceTree = "<group>"; };
		45E3D5FE2AD1F41A00E8ABB3 /* Fsharp6piano.mp3 */ = {isa = PBXFileReference; lastKnownFileType = audio.mp3; name = Fsharp6piano.mp3; path = ../sound_files/Fsharp6piano.mp3; sourceTree = "<group>"; };
		45E3D5FF2AD1F41A00E8ABB3 /* E4piano.mp3 */ = {isa = PBXFileReference; lastKnownFileType = audio.mp3; name = E4piano.mp3; path = ../sound_files/E4piano.mp3; sourceTree = "<group>"; };
		45E3D6002AD1F41A00E8ABB3 /* D8piano.mp3 */ = {isa = PBXFileReference; lastKnownFileType = audio.mp3; name = D8piano.mp3; path = ../sound_files/D8piano.mp3; sourceTree = "<group>"; };
		45E3D6012AD1F41A00E8ABB3 /* Gsharp5piano.mp3 */ = {isa = PBXFileReference; lastKnownFileType = audio.mp3; name = Gsharp5piano.mp3; path = ../sound_files/Gsharp5piano.mp3; sourceTree = "<group>"; };
		45E3D6022AD1F41A00E8ABB3 /* Gsharp0piano.mp3 */ = {isa = PBXFileReference; lastKnownFileType = audio.mp3; name = Gsharp0piano.mp3; path = ../sound_files/Gsharp0piano.mp3; sourceTree = "<group>"; };
		45E3D6032AD1F41A00E8ABB3 /* Fsharp7piano.mp3 */ = {isa = PBXFileReference; lastKnownFileType = audio.mp3; name = Fsharp7piano.mp3; path = ../sound_files/Fsharp7piano.mp3; sourceTree = "<group>"; };
		45E3D6042AD1F41A00E8ABB3 /* Fsharp4piano.mp3 */ = {isa = PBXFileReference; lastKnownFileType = audio.mp3; name = Fsharp4piano.mp3; path = ../sound_files/Fsharp4piano.mp3; sourceTree = "<group>"; };
		45E3D6052AD1F41A00E8ABB3 /* E0piano.mp3 */ = {isa = PBXFileReference; lastKnownFileType = audio.mp3; name = E0piano.mp3; path = ../sound_files/E0piano.mp3; sourceTree = "<group>"; };
		45E3D6062AD1F41A00E8ABB3 /* G8piano.mp3 */ = {isa = PBXFileReference; lastKnownFileType = audio.mp3; name = G8piano.mp3; path = ../sound_files/G8piano.mp3; sourceTree = "<group>"; };
		45E3D6072AD1F41A00E8ABB3 /* D7piano.mp3 */ = {isa = PBXFileReference; lastKnownFileType = audio.mp3; name = D7piano.mp3; path = ../sound_files/D7piano.mp3; sourceTree = "<group>"; };
		45E3D6082AD1F41A00E8ABB3 /* G6piano.mp3 */ = {isa = PBXFileReference; lastKnownFileType = audio.mp3; name = G6piano.mp3; path = ../sound_files/G6piano.mp3; sourceTree = "<group>"; };
		45E3D6092AD1F41A00E8ABB3 /* E6piano.mp3 */ = {isa = PBXFileReference; lastKnownFileType = audio.mp3; name = E6piano.mp3; path = ../sound_files/E6piano.mp3; sourceTree = "<group>"; };
		45E3D60A2AD1F41A00E8ABB3 /* E8piano.mp3 */ = {isa = PBXFileReference; lastKnownFileType = audio.mp3; name = E8piano.mp3; path = ../sound_files/E8piano.mp3; sourceTree = "<group>"; };
		45E3D60B2AD1F41A00E8ABB3 /* Dsharp4piano.mp3 */ = {isa = PBXFileReference; lastKnownFileType = audio.mp3; name = Dsharp4piano.mp3; path = ../sound_files/Dsharp4piano.mp3; sourceTree = "<group>"; };
		45E3D60C2AD1F41A00E8ABB3 /* Gsharp8piano.mp3 */ = {isa = PBXFileReference; lastKnownFileType = audio.mp3; name = Gsharp8piano.mp3; path = ../sound_files/Gsharp8piano.mp3; sourceTree = "<group>"; };
		5709B34CF0A7D63546082F79 /* Pods-OpenEarTrainer.release.xcconfig */ = {isa = PBXFileReference; includeInIndex = 1; lastKnownFileType = text.xcconfig; name = "Pods-OpenEarTrainer.release.xcconfig"; path = "Target Support Files/Pods-OpenEarTrainer/Pods-OpenEarTrainer.release.xcconfig"; sourceTree = "<group>"; };
		5B7EB9410499542E8C5724F5 /* Pods-OpenEarTrainer-OpenEarTrainerTests.debug.xcconfig */ = {isa = PBXFileReference; includeInIndex = 1; lastKnownFileType = text.xcconfig; name = "Pods-OpenEarTrainer-OpenEarTrainerTests.debug.xcconfig"; path = "Target Support Files/Pods-OpenEarTrainer-OpenEarTrainerTests/Pods-OpenEarTrainer-OpenEarTrainerTests.debug.xcconfig"; sourceTree = "<group>"; };
		5DCACB8F33CDC322A6C60F78 /* libPods-OpenEarTrainer.a */ = {isa = PBXFileReference; explicitFileType = archive.ar; includeInIndex = 0; path = "libPods-OpenEarTrainer.a"; sourceTree = BUILT_PRODUCTS_DIR; };
		81AB9BB72411601600AC10FF /* LaunchScreen.storyboard */ = {isa = PBXFileReference; fileEncoding = 4; lastKnownFileType = file.storyboard; name = LaunchScreen.storyboard; path = OpenEarTrainer/LaunchScreen.storyboard; sourceTree = "<group>"; };
		89C6BE57DB24E9ADA2F236DE /* Pods-OpenEarTrainer-OpenEarTrainerTests.release.xcconfig */ = {isa = PBXFileReference; includeInIndex = 1; lastKnownFileType = text.xcconfig; name = "Pods-OpenEarTrainer-OpenEarTrainerTests.release.xcconfig"; path = "Target Support Files/Pods-OpenEarTrainer-OpenEarTrainerTests/Pods-OpenEarTrainer-OpenEarTrainerTests.release.xcconfig"; sourceTree = "<group>"; };
		ED297162215061F000B7C4FE /* JavaScriptCore.framework */ = {isa = PBXFileReference; lastKnownFileType = wrapper.framework; name = JavaScriptCore.framework; path = System/Library/Frameworks/JavaScriptCore.framework; sourceTree = SDKROOT; };
/* End PBXFileReference section */

/* Begin PBXFrameworksBuildPhase section */
		00E356EB1AD99517003FC87E /* Frameworks */ = {
			isa = PBXFrameworksBuildPhase;
			buildActionMask = 2147483647;
			files = (
				7699B88040F8A987B510C191 /* libPods-OpenEarTrainer-OpenEarTrainerTests.a in Frameworks */,
			);
			runOnlyForDeploymentPostprocessing = 0;
		};
		13B07F8C1A680F5B00A75B9A /* Frameworks */ = {
			isa = PBXFrameworksBuildPhase;
			buildActionMask = 2147483647;
			files = (
				0C80B921A6F3F58F76C31292 /* libPods-OpenEarTrainer.a in Frameworks */,
			);
			runOnlyForDeploymentPostprocessing = 0;
		};
/* End PBXFrameworksBuildPhase section */

/* Begin PBXGroup section */
		00E356EF1AD99517003FC87E /* OpenEarTrainerTests */ = {
			isa = PBXGroup;
			children = (
				00E356F21AD99517003FC87E /* OpenEarTrainerTests.m */,
				00E356F01AD99517003FC87E /* Supporting Files */,
			);
			path = OpenEarTrainerTests;
			sourceTree = "<group>";
		};
		00E356F01AD99517003FC87E /* Supporting Files */ = {
			isa = PBXGroup;
			children = (
				00E356F11AD99517003FC87E /* Info.plist */,
			);
			name = "Supporting Files";
			sourceTree = "<group>";
		};
		13B07FAE1A68108700A75B9A /* OpenEarTrainer */ = {
			isa = PBXGroup;
			children = (
				13B07FAF1A68108700A75B9A /* AppDelegate.h */,
				13B07FB01A68108700A75B9A /* AppDelegate.mm */,
				13B07FB51A68108700A75B9A /* Images.xcassets */,
				13B07FB61A68108700A75B9A /* Info.plist */,
				81AB9BB72411601600AC10FF /* LaunchScreen.storyboard */,
				13B07FB71A68108700A75B9A /* main.m */,
			);
			name = OpenEarTrainer;
			sourceTree = "<group>";
		};
		2D16E6871FA4F8E400B85C8A /* Frameworks */ = {
			isa = PBXGroup;
			children = (
				ED297162215061F000B7C4FE /* JavaScriptCore.framework */,
				5DCACB8F33CDC322A6C60F78 /* libPods-OpenEarTrainer.a */,
				19F6CBCC0A4E27FBF8BF4A61 /* libPods-OpenEarTrainer-OpenEarTrainerTests.a */,
			);
			name = Frameworks;
			sourceTree = "<group>";
		};
		832341AE1AAA6A7D00B99B32 /* Libraries */ = {
			isa = PBXGroup;
			children = (
			);
			name = Libraries;
			sourceTree = "<group>";
		};
		83CBB9F61A601CBA00E9B192 = {
			isa = PBXGroup;
			children = (
				45E3D6072AD1F41A00E8ABB3 /* D7piano.mp3 */,
				45E3D6002AD1F41A00E8ABB3 /* D8piano.mp3 */,
				45E3D5EC2AD1F41900E8ABB3 /* Dsharp0piano.mp3 */,
				45E3D5DB2AD1F41900E8ABB3 /* Dsharp1piano.mp3 */,
				45E3D5E52AD1F41900E8ABB3 /* Dsharp2piano.mp3 */,
				45E3D5DA2AD1F41900E8ABB3 /* Dsharp3piano.mp3 */,
				45E3D60B2AD1F41A00E8ABB3 /* Dsharp4piano.mp3 */,
				45E3D5DC2AD1F41900E8ABB3 /* Dsharp5piano.mp3 */,
				45E3D5E42AD1F41900E8ABB3 /* Dsharp6piano.mp3 */,
				45E3D5EF2AD1F41900E8ABB3 /* Dsharp7piano.mp3 */,
				45E3D5FC2AD1F41A00E8ABB3 /* Dsharp8piano.mp3 */,
				45E3D6052AD1F41A00E8ABB3 /* E0piano.mp3 */,
				45E3D5EA2AD1F41900E8ABB3 /* E1piano.mp3 */,
				45E3D5D62AD1F41900E8ABB3 /* E2piano.mp3 */,
				45E3D5FD2AD1F41A00E8ABB3 /* E3piano.mp3 */,
				45E3D5FF2AD1F41A00E8ABB3 /* E4piano.mp3 */,
				45E3D5E02AD1F41900E8ABB3 /* E5piano.mp3 */,
				45E3D6092AD1F41A00E8ABB3 /* E6piano.mp3 */,
				45E3D5DF2AD1F41900E8ABB3 /* E7piano.mp3 */,
				45E3D60A2AD1F41A00E8ABB3 /* E8piano.mp3 */,
				45E3D5D42AD1F41900E8ABB3 /* F0piano.mp3 */,
				45E3D5F92AD1F41A00E8ABB3 /* F1piano.mp3 */,
				45E3D5F02AD1F41900E8ABB3 /* F2piano.mp3 */,
				45E3D5FB2AD1F41A00E8ABB3 /* F3piano.mp3 */,
				45E3D5ED2AD1F41900E8ABB3 /* F4piano.mp3 */,
				45E3D5E72AD1F41900E8ABB3 /* F5piano.mp3 */,
				45E3D5D92AD1F41900E8ABB3 /* F6piano.mp3 */,
				45E3D5E62AD1F41900E8ABB3 /* F7piano.mp3 */,
				45E3D5E82AD1F41900E8ABB3 /* F8piano.mp3 */,
				45E3D5D52AD1F41900E8ABB3 /* Fsharp0piano.mp3 */,
				45E3D5DE2AD1F41900E8ABB3 /* Fsharp1piano.mp3 */,
				45E3D5F32AD1F41A00E8ABB3 /* Fsharp2piano.mp3 */,
				45E3D5FA2AD1F41A00E8ABB3 /* Fsharp3piano.mp3 */,
				45E3D6042AD1F41A00E8ABB3 /* Fsharp4piano.mp3 */,
				45E3D5F62AD1F41A00E8ABB3 /* Fsharp5piano.mp3 */,
				45E3D5FE2AD1F41A00E8ABB3 /* Fsharp6piano.mp3 */,
				45E3D6032AD1F41A00E8ABB3 /* Fsharp7piano.mp3 */,
				45E3D5E32AD1F41900E8ABB3 /* Fsharp8piano.mp3 */,
				45E3D5D82AD1F41900E8ABB3 /* G0piano.mp3 */,
				45E3D5D72AD1F41900E8ABB3 /* G1piano.mp3 */,
				45E3D5F22AD1F41A00E8ABB3 /* G2piano.mp3 */,
				45E3D5E92AD1F41900E8ABB3 /* G3piano.mp3 */,
				45E3D5F72AD1F41A00E8ABB3 /* G4piano.mp3 */,
				45E3D5EE2AD1F41900E8ABB3 /* G5piano.mp3 */,
				45E3D6082AD1F41A00E8ABB3 /* G6piano.mp3 */,
				45E3D5EB2AD1F41900E8ABB3 /* G7piano.mp3 */,
				45E3D6062AD1F41A00E8ABB3 /* G8piano.mp3 */,
				45E3D6022AD1F41A00E8ABB3 /* Gsharp0piano.mp3 */,
				45E3D5F82AD1F41A00E8ABB3 /* Gsharp1piano.mp3 */,
				45E3D5F52AD1F41A00E8ABB3 /* Gsharp2piano.mp3 */,
				45E3D5E22AD1F41900E8ABB3 /* Gsharp3piano.mp3 */,
				45E3D5DD2AD1F41900E8ABB3 /* Gsharp4piano.mp3 */,
				45E3D6012AD1F41A00E8ABB3 /* Gsharp5piano.mp3 */,
				45E3D5F42AD1F41A00E8ABB3 /* Gsharp6piano.mp3 */,
				45E3D5E12AD1F41900E8ABB3 /* Gsharp7piano.mp3 */,
				45E3D60C2AD1F41A00E8ABB3 /* Gsharp8piano.mp3 */,
				4591D70D2AABFB790094C82B /* A0piano.mp3 */,
				4591D70A2AABFB790094C82B /* A1piano.mp3 */,
				4591D7052AABFB790094C82B /* A2piano.mp3 */,
				4591D72B2AABFB7A0094C82B /* A3piano.mp3 */,
				4591D71F2AABFB790094C82B /* A4piano.mp3 */,
				4591D7032AABFB790094C82B /* A5piano.mp3 */,
				4591D7232AABFB790094C82B /* A6piano.mp3 */,
				4591D7142AABFB790094C82B /* A7piano.mp3 */,
				4591D7162AABFB790094C82B /* A8piano.mp3 */,
				4591D72C2AABFB7A0094C82B /* Asharp0piano.mp3 */,
				4591D7012AABFB790094C82B /* Asharp1piano.mp3 */,
				4591D7182AABFB790094C82B /* Asharp2piano.mp3 */,
				4591D7192AABFB790094C82B /* Asharp3piano.mp3 */,
				4591D7252AABFB790094C82B /* Asharp4piano.mp3 */,
				4591D7172AABFB790094C82B /* Asharp5piano.mp3 */,
				4591D70C2AABFB790094C82B /* Asharp6piano.mp3 */,
				4591D7062AABFB790094C82B /* Asharp7piano.mp3 */,
				4591D7092AABFB790094C82B /* Asharp8piano.mp3 */,
				4591D7022AABFB790094C82B /* B0piano.mp3 */,
				4591D7042AABFB790094C82B /* B1piano.mp3 */,
				4591D71C2AABFB790094C82B /* B2piano.mp3 */,
				4591D71A2AABFB790094C82B /* B3piano.mp3 */,
				4591D7082AABFB790094C82B /* B4piano.mp3 */,
				4591D7262AABFB790094C82B /* B5piano.mp3 */,
				4591D7212AABFB790094C82B /* B6piano.mp3 */,
				4591D70B2AABFB790094C82B /* B7piano.mp3 */,
				4591D71B2AABFB790094C82B /* B8piano.mp3 */,
				4591D7102AABFB790094C82B /* C0piano.mp3 */,
				4591D70E2AABFB790094C82B /* C1piano.mp3 */,
				4591D72A2AABFB790094C82B /* C2piano.mp3 */,
				4591D7112AABFB790094C82B /* C3piano.mp3 */,
				4591D7122AABFB790094C82B /* C4piano.mp3 */,
				4591D6FF2AABFB790094C82B /* C5piano.mp3 */,
				4591D7072AABFB790094C82B /* C6piano.mp3 */,
				4591D72E2AABFB7A0094C82B /* C7piano.mp3 */,
				4591D7152AABFB790094C82B /* C8piano.mp3 */,
				4591D6FD2AABFB790094C82B /* Csharp0piano.mp3 */,
				4591D6FB2AABFB790094C82B /* Csharp1piano.mp3 */,
				4591D71D2AABFB790094C82B /* Csharp2piano.mp3 */,
				4591D7242AABFB790094C82B /* Csharp3piano.mp3 */,
				4591D6FC2AABFB790094C82B /* Csharp4piano.mp3 */,
				4591D72D2AABFB7A0094C82B /* Csharp5piano.mp3 */,
				4591D70F2AABFB790094C82B /* Csharp6piano.mp3 */,
				4591D7222AABFB790094C82B /* Csharp7piano.mp3 */,
				4591D7202AABFB790094C82B /* Csharp8piano.mp3 */,
				4591D7002AABFB790094C82B /* D0piano.mp3 */,
				4591D7292AABFB790094C82B /* D1piano.mp3 */,
				4591D7272AABFB790094C82B /* D2piano.mp3 */,
				4591D6FE2AABFB790094C82B /* D3piano.mp3 */,
				4591D7282AABFB790094C82B /* D4piano.mp3 */,
				4591D7132AABFB790094C82B /* D5piano.mp3 */,
				4591D71E2AABFB790094C82B /* D6piano.mp3 */,
				13B07FAE1A68108700A75B9A /* OpenEarTrainer */,
				832341AE1AAA6A7D00B99B32 /* Libraries */,
				00E356EF1AD99517003FC87E /* OpenEarTrainerTests */,
				83CBBA001A601CBA00E9B192 /* Products */,
				2D16E6871FA4F8E400B85C8A /* Frameworks */,
				BBD78D7AC51CEA395F1C20DB /* Pods */,
			);
			indentWidth = 2;
			sourceTree = "<group>";
			tabWidth = 2;
			usesTabs = 0;
		};
		83CBBA001A601CBA00E9B192 /* Products */ = {
			isa = PBXGroup;
			children = (
				13B07F961A680F5B00A75B9A /* OpenEarTrainer.app */,
				00E356EE1AD99517003FC87E /* OpenEarTrainerTests.xctest */,
			);
			name = Products;
			sourceTree = "<group>";
		};
		BBD78D7AC51CEA395F1C20DB /* Pods */ = {
			isa = PBXGroup;
			children = (
				3B4392A12AC88292D35C810B /* Pods-OpenEarTrainer.debug.xcconfig */,
				5709B34CF0A7D63546082F79 /* Pods-OpenEarTrainer.release.xcconfig */,
				5B7EB9410499542E8C5724F5 /* Pods-OpenEarTrainer-OpenEarTrainerTests.debug.xcconfig */,
				89C6BE57DB24E9ADA2F236DE /* Pods-OpenEarTrainer-OpenEarTrainerTests.release.xcconfig */,
			);
			path = Pods;
			sourceTree = "<group>";
		};
/* End PBXGroup section */

/* Begin PBXNativeTarget section */
		00E356ED1AD99517003FC87E /* OpenEarTrainerTests */ = {
			isa = PBXNativeTarget;
			buildConfigurationList = 00E357021AD99517003FC87E /* Build configuration list for PBXNativeTarget "OpenEarTrainerTests" */;
			buildPhases = (
				A55EABD7B0C7F3A422A6CC61 /* [CP] Check Pods Manifest.lock */,
				00E356EA1AD99517003FC87E /* Sources */,
				00E356EB1AD99517003FC87E /* Frameworks */,
				00E356EC1AD99517003FC87E /* Resources */,
				C59DA0FBD6956966B86A3779 /* [CP] Embed Pods Frameworks */,
				F6A41C54EA430FDDC6A6ED99 /* [CP] Copy Pods Resources */,
			);
			buildRules = (
			);
			dependencies = (
				00E356F51AD99517003FC87E /* PBXTargetDependency */,
			);
			name = OpenEarTrainerTests;
			productName = OpenEarTrainerTests;
			productReference = 00E356EE1AD99517003FC87E /* OpenEarTrainerTests.xctest */;
			productType = "com.apple.product-type.bundle.unit-test";
		};
		13B07F861A680F5B00A75B9A /* OpenEarTrainer */ = {
			isa = PBXNativeTarget;
			buildConfigurationList = 13B07F931A680F5B00A75B9A /* Build configuration list for PBXNativeTarget "OpenEarTrainer" */;
			buildPhases = (
				C38B50BA6285516D6DCD4F65 /* [CP] Check Pods Manifest.lock */,
				FD10A7F022414F080027D42C /* Start Packager */,
				13B07F871A680F5B00A75B9A /* Sources */,
				13B07F8C1A680F5B00A75B9A /* Frameworks */,
				13B07F8E1A680F5B00A75B9A /* Resources */,
				00DD1BFF1BD5951E006B06BC /* Bundle React Native code and images */,
				00EEFC60759A1932668264C0 /* [CP] Embed Pods Frameworks */,
				E235C05ADACE081382539298 /* [CP] Copy Pods Resources */,
			);
			buildRules = (
			);
			dependencies = (
			);
			name = OpenEarTrainer;
			productName = OpenEarTrainer;
			productReference = 13B07F961A680F5B00A75B9A /* OpenEarTrainer.app */;
			productType = "com.apple.product-type.application";
		};
/* End PBXNativeTarget section */

/* Begin PBXProject section */
		83CBB9F71A601CBA00E9B192 /* Project object */ = {
			isa = PBXProject;
			attributes = {
				LastUpgradeCheck = 1210;
				TargetAttributes = {
					00E356ED1AD99517003FC87E = {
						CreatedOnToolsVersion = 6.2;
						TestTargetID = 13B07F861A680F5B00A75B9A;
					};
					13B07F861A680F5B00A75B9A = {
						LastSwiftMigration = 1120;
					};
				};
			};
			buildConfigurationList = 83CBB9FA1A601CBA00E9B192 /* Build configuration list for PBXProject "OpenEarTrainer" */;
			compatibilityVersion = "Xcode 12.0";
			developmentRegion = en;
			hasScannedForEncodings = 0;
			knownRegions = (
				en,
				Base,
			);
			mainGroup = 83CBB9F61A601CBA00E9B192;
			productRefGroup = 83CBBA001A601CBA00E9B192 /* Products */;
			projectDirPath = "";
			projectRoot = "";
			targets = (
				13B07F861A680F5B00A75B9A /* OpenEarTrainer */,
				00E356ED1AD99517003FC87E /* OpenEarTrainerTests */,
			);
		};
/* End PBXProject section */

/* Begin PBXResourcesBuildPhase section */
		00E356EC1AD99517003FC87E /* Resources */ = {
			isa = PBXResourcesBuildPhase;
			buildActionMask = 2147483647;
			files = (
			);
			runOnlyForDeploymentPostprocessing = 0;
		};
		13B07F8E1A680F5B00A75B9A /* Resources */ = {
			isa = PBXResourcesBuildPhase;
			buildActionMask = 2147483647;
			files = (
				4591D7312AABFB7A0094C82B /* Csharp0piano.mp3 in Resources */,
				45E3D60E2AD1F41A00E8ABB3 /* Fsharp0piano.mp3 in Resources */,
				4591D7322AABFB7A0094C82B /* D3piano.mp3 in Resources */,
				4591D7452AABFB7A0094C82B /* C3piano.mp3 in Resources */,
				4591D7472AABFB7A0094C82B /* D5piano.mp3 in Resources */,
				4591D7482AABFB7A0094C82B /* A7piano.mp3 in Resources */,
				4591D75B2AABFB7A0094C82B /* D2piano.mp3 in Resources */,
				45E3D63A2AD1F41A00E8ABB3 /* Gsharp5piano.mp3 in Resources */,
				4591D73F2AABFB7A0094C82B /* B7piano.mp3 in Resources */,
				45E3D6232AD1F41A00E8ABB3 /* E1piano.mp3 in Resources */,
				45E3D6312AD1F41A00E8ABB3 /* Gsharp1piano.mp3 in Resources */,
				4591D7542AABFB7A0094C82B /* Csharp8piano.mp3 in Resources */,
				45E3D6242AD1F41A00E8ABB3 /* G7piano.mp3 in Resources */,
				45E3D60D2AD1F41A00E8ABB3 /* F0piano.mp3 in Resources */,
				4591D7612AABFB7A0094C82B /* Csharp5piano.mp3 in Resources */,
				45E3D62B2AD1F41A00E8ABB3 /* G2piano.mp3 in Resources */,
				45E3D61D2AD1F41A00E8ABB3 /* Dsharp6piano.mp3 in Resources */,
				4591D73B2AABFB7A0094C82B /* C6piano.mp3 in Resources */,
				4591D74E2AABFB7A0094C82B /* B3piano.mp3 in Resources */,
				45E3D6222AD1F41A00E8ABB3 /* G3piano.mp3 in Resources */,
				45E3D6272AD1F41A00E8ABB3 /* G5piano.mp3 in Resources */,
				4591D72F2AABFB7A0094C82B /* Csharp1piano.mp3 in Resources */,
				45E3D6342AD1F41A00E8ABB3 /* F3piano.mp3 in Resources */,
				4591D74B2AABFB7A0094C82B /* Asharp5piano.mp3 in Resources */,
				4591D7392AABFB7A0094C82B /* A2piano.mp3 in Resources */,
				45E3D61E2AD1F41A00E8ABB3 /* Dsharp2piano.mp3 in Resources */,
				45E3D6412AD1F41A00E8ABB3 /* G6piano.mp3 in Resources */,
				4591D73D2AABFB7A0094C82B /* Asharp8piano.mp3 in Resources */,
				4591D7582AABFB7A0094C82B /* Csharp3piano.mp3 in Resources */,
				81AB9BB82411601600AC10FF /* LaunchScreen.storyboard in Resources */,
				45E3D61C2AD1F41A00E8ABB3 /* Fsharp8piano.mp3 in Resources */,
				4591D73C2AABFB7A0094C82B /* B4piano.mp3 in Resources */,
				45E3D62E2AD1F41A00E8ABB3 /* Gsharp2piano.mp3 in Resources */,
				45E3D6292AD1F41A00E8ABB3 /* F2piano.mp3 in Resources */,
				4591D7432AABFB7A0094C82B /* Csharp6piano.mp3 in Resources */,
				4591D7342AABFB7A0094C82B /* D0piano.mp3 in Resources */,
				4591D7502AABFB7A0094C82B /* B2piano.mp3 in Resources */,
				4591D7442AABFB7A0094C82B /* C0piano.mp3 in Resources */,
				45E3D6212AD1F41A00E8ABB3 /* F8piano.mp3 in Resources */,
				45E3D6302AD1F41A00E8ABB3 /* G4piano.mp3 in Resources */,
				45E3D6132AD1F41A00E8ABB3 /* Dsharp3piano.mp3 in Resources */,
				4591D7412AABFB7A0094C82B /* A0piano.mp3 in Resources */,
				4591D7592AABFB7A0094C82B /* Asharp4piano.mp3 in Resources */,
				45E3D63C2AD1F41A00E8ABB3 /* Fsharp7piano.mp3 in Resources */,
				4591D7402AABFB7A0094C82B /* Asharp6piano.mp3 in Resources */,
				45E3D63B2AD1F41A00E8ABB3 /* Gsharp0piano.mp3 in Resources */,
				45E3D6172AD1F41A00E8ABB3 /* Fsharp1piano.mp3 in Resources */,
				45E3D63D2AD1F41A00E8ABB3 /* Fsharp4piano.mp3 in Resources */,
				4591D7352AABFB7A0094C82B /* Asharp1piano.mp3 in Resources */,
				45E3D6202AD1F41A00E8ABB3 /* F5piano.mp3 in Resources */,
				4591D7622AABFB7A0094C82B /* C7piano.mp3 in Resources */,
				4591D75D2AABFB7A0094C82B /* D1piano.mp3 in Resources */,
				45E3D6332AD1F41A00E8ABB3 /* Fsharp3piano.mp3 in Resources */,
				45E3D6152AD1F41A00E8ABB3 /* Dsharp5piano.mp3 in Resources */,
				45E3D63E2AD1F41A00E8ABB3 /* E0piano.mp3 in Resources */,
				45E3D61A2AD1F41A00E8ABB3 /* Gsharp7piano.mp3 in Resources */,
				45E3D6372AD1F41A00E8ABB3 /* Fsharp6piano.mp3 in Resources */,
				45E3D6192AD1F41A00E8ABB3 /* E5piano.mp3 in Resources */,
				4591D73E2AABFB7A0094C82B /* A1piano.mp3 in Resources */,
				45E3D6442AD1F41A00E8ABB3 /* Dsharp4piano.mp3 in Resources */,
				4591D7302AABFB7A0094C82B /* Csharp4piano.mp3 in Resources */,
				4591D7532AABFB7A0094C82B /* A4piano.mp3 in Resources */,
				45E3D6182AD1F41A00E8ABB3 /* E7piano.mp3 in Resources */,
				4591D7572AABFB7A0094C82B /* A6piano.mp3 in Resources */,
				45E3D6422AD1F41A00E8ABB3 /* E6piano.mp3 in Resources */,
				45E3D6362AD1F41A00E8ABB3 /* E3piano.mp3 in Resources */,
				4591D7552AABFB7A0094C82B /* B6piano.mp3 in Resources */,
				4591D7382AABFB7A0094C82B /* B1piano.mp3 in Resources */,
				4591D7522AABFB7A0094C82B /* D6piano.mp3 in Resources */,
				4591D75E2AABFB7A0094C82B /* C2piano.mp3 in Resources */,
				4591D74C2AABFB7A0094C82B /* Asharp2piano.mp3 in Resources */,
				4591D7462AABFB7A0094C82B /* C4piano.mp3 in Resources */,
				45E3D63F2AD1F41A00E8ABB3 /* G8piano.mp3 in Resources */,
				45E3D6122AD1F41A00E8ABB3 /* F6piano.mp3 in Resources */,
				45E3D6112AD1F41A00E8ABB3 /* G0piano.mp3 in Resources */,
				4591D7332AABFB7A0094C82B /* C5piano.mp3 in Resources */,
				4591D7362AABFB7A0094C82B /* B0piano.mp3 in Resources */,
				45E3D6262AD1F41A00E8ABB3 /* F4piano.mp3 in Resources */,
				45E3D62C2AD1F41A00E8ABB3 /* Fsharp2piano.mp3 in Resources */,
				45E3D6402AD1F41A00E8ABB3 /* D7piano.mp3 in Resources */,
				4591D74F2AABFB7A0094C82B /* B8piano.mp3 in Resources */,
				45E3D62D2AD1F41A00E8ABB3 /* Gsharp6piano.mp3 in Resources */,
				45E3D61B2AD1F41A00E8ABB3 /* Gsharp3piano.mp3 in Resources */,
				45E3D62F2AD1F41A00E8ABB3 /* Fsharp5piano.mp3 in Resources */,
				45E3D6142AD1F41A00E8ABB3 /* Dsharp1piano.mp3 in Resources */,
				45E3D6452AD1F41A00E8ABB3 /* Gsharp8piano.mp3 in Resources */,
				4591D7562AABFB7A0094C82B /* Csharp7piano.mp3 in Resources */,
				45E3D6282AD1F41A00E8ABB3 /* Dsharp7piano.mp3 in Resources */,
				45E3D6102AD1F41A00E8ABB3 /* G1piano.mp3 in Resources */,
				4591D7492AABFB7A0094C82B /* C8piano.mp3 in Resources */,
				4591D74A2AABFB7A0094C82B /* A8piano.mp3 in Resources */,
				45E3D6252AD1F41A00E8ABB3 /* Dsharp0piano.mp3 in Resources */,
				4591D75C2AABFB7A0094C82B /* D4piano.mp3 in Resources */,
				4591D7422AABFB7A0094C82B /* C1piano.mp3 in Resources */,
				45E3D6352AD1F41A00E8ABB3 /* Dsharp8piano.mp3 in Resources */,
				4591D73A2AABFB7A0094C82B /* Asharp7piano.mp3 in Resources */,
				45E3D6392AD1F41A00E8ABB3 /* D8piano.mp3 in Resources */,
				4591D75F2AABFB7A0094C82B /* A3piano.mp3 in Resources */,
				4591D7512AABFB7A0094C82B /* Csharp2piano.mp3 in Resources */,
				13B07FBF1A68108700A75B9A /* Images.xcassets in Resources */,
				4591D7602AABFB7A0094C82B /* Asharp0piano.mp3 in Resources */,
				45E3D60F2AD1F41A00E8ABB3 /* E2piano.mp3 in Resources */,
				4591D75A2AABFB7A0094C82B /* B5piano.mp3 in Resources */,
				4591D7372AABFB7A0094C82B /* A5piano.mp3 in Resources */,
				45E3D61F2AD1F41A00E8ABB3 /* F7piano.mp3 in Resources */,
				45E3D6162AD1F41A00E8ABB3 /* Gsharp4piano.mp3 in Resources */,
				45E3D6432AD1F41A00E8ABB3 /* E8piano.mp3 in Resources */,
				45E3D6382AD1F41A00E8ABB3 /* E4piano.mp3 in Resources */,
				4591D74D2AABFB7A0094C82B /* Asharp3piano.mp3 in Resources */,
				45E3D6322AD1F41A00E8ABB3 /* F1piano.mp3 in Resources */,
			);
			runOnlyForDeploymentPostprocessing = 0;
		};
/* End PBXResourcesBuildPhase section */

/* Begin PBXShellScriptBuildPhase section */
		00DD1BFF1BD5951E006B06BC /* Bundle React Native code and images */ = {
			isa = PBXShellScriptBuildPhase;
			buildActionMask = 2147483647;
			files = (
			);
			inputPaths = (
				"$(SRCROOT)/.xcode.env.local",
				"$(SRCROOT)/.xcode.env",
			);
			name = "Bundle React Native code and images";
			outputPaths = (
			);
			runOnlyForDeploymentPostprocessing = 0;
			shellPath = /bin/sh;
			shellScript = "set -e\n\nWITH_ENVIRONMENT=\"../node_modules/react-native/scripts/xcode/with-environment.sh\"\nREACT_NATIVE_XCODE=\"../node_modules/react-native/scripts/react-native-xcode.sh\"\n\n/bin/sh -c \"$WITH_ENVIRONMENT $REACT_NATIVE_XCODE\"\n";
		};
		00EEFC60759A1932668264C0 /* [CP] Embed Pods Frameworks */ = {
			isa = PBXShellScriptBuildPhase;
			buildActionMask = 2147483647;
			files = (
			);
			inputFileListPaths = (
				"${PODS_ROOT}/Target Support Files/Pods-OpenEarTrainer/Pods-OpenEarTrainer-frameworks-${CONFIGURATION}-input-files.xcfilelist",
			);
			name = "[CP] Embed Pods Frameworks";
			outputFileListPaths = (
				"${PODS_ROOT}/Target Support Files/Pods-OpenEarTrainer/Pods-OpenEarTrainer-frameworks-${CONFIGURATION}-output-files.xcfilelist",
			);
			runOnlyForDeploymentPostprocessing = 0;
			shellPath = /bin/sh;
			shellScript = "\"${PODS_ROOT}/Target Support Files/Pods-OpenEarTrainer/Pods-OpenEarTrainer-frameworks.sh\"\n";
			showEnvVarsInLog = 0;
		};
		A55EABD7B0C7F3A422A6CC61 /* [CP] Check Pods Manifest.lock */ = {
			isa = PBXShellScriptBuildPhase;
			buildActionMask = 2147483647;
			files = (
			);
			inputFileListPaths = (
			);
			inputPaths = (
				"${PODS_PODFILE_DIR_PATH}/Podfile.lock",
				"${PODS_ROOT}/Manifest.lock",
			);
			name = "[CP] Check Pods Manifest.lock";
			outputFileListPaths = (
			);
			outputPaths = (
				"$(DERIVED_FILE_DIR)/Pods-OpenEarTrainer-OpenEarTrainerTests-checkManifestLockResult.txt",
			);
			runOnlyForDeploymentPostprocessing = 0;
			shellPath = /bin/sh;
			shellScript = "diff \"${PODS_PODFILE_DIR_PATH}/Podfile.lock\" \"${PODS_ROOT}/Manifest.lock\" > /dev/null\nif [ $? != 0 ] ; then\n    # print error to STDERR\n    echo \"error: The sandbox is not in sync with the Podfile.lock. Run 'pod install' or update your CocoaPods installation.\" >&2\n    exit 1\nfi\n# This output is used by Xcode 'outputs' to avoid re-running this script phase.\necho \"SUCCESS\" > \"${SCRIPT_OUTPUT_FILE_0}\"\n";
			showEnvVarsInLog = 0;
		};
		C38B50BA6285516D6DCD4F65 /* [CP] Check Pods Manifest.lock */ = {
			isa = PBXShellScriptBuildPhase;
			buildActionMask = 2147483647;
			files = (
			);
			inputFileListPaths = (
			);
			inputPaths = (
				"${PODS_PODFILE_DIR_PATH}/Podfile.lock",
				"${PODS_ROOT}/Manifest.lock",
			);
			name = "[CP] Check Pods Manifest.lock";
			outputFileListPaths = (
			);
			outputPaths = (
				"$(DERIVED_FILE_DIR)/Pods-OpenEarTrainer-checkManifestLockResult.txt",
			);
			runOnlyForDeploymentPostprocessing = 0;
			shellPath = /bin/sh;
			shellScript = "diff \"${PODS_PODFILE_DIR_PATH}/Podfile.lock\" \"${PODS_ROOT}/Manifest.lock\" > /dev/null\nif [ $? != 0 ] ; then\n    # print error to STDERR\n    echo \"error: The sandbox is not in sync with the Podfile.lock. Run 'pod install' or update your CocoaPods installation.\" >&2\n    exit 1\nfi\n# This output is used by Xcode 'outputs' to avoid re-running this script phase.\necho \"SUCCESS\" > \"${SCRIPT_OUTPUT_FILE_0}\"\n";
			showEnvVarsInLog = 0;
		};
		C59DA0FBD6956966B86A3779 /* [CP] Embed Pods Frameworks */ = {
			isa = PBXShellScriptBuildPhase;
			buildActionMask = 2147483647;
			files = (
			);
			inputFileListPaths = (
				"${PODS_ROOT}/Target Support Files/Pods-OpenEarTrainer-OpenEarTrainerTests/Pods-OpenEarTrainer-OpenEarTrainerTests-frameworks-${CONFIGURATION}-input-files.xcfilelist",
			);
			name = "[CP] Embed Pods Frameworks";
			outputFileListPaths = (
				"${PODS_ROOT}/Target Support Files/Pods-OpenEarTrainer-OpenEarTrainerTests/Pods-OpenEarTrainer-OpenEarTrainerTests-frameworks-${CONFIGURATION}-output-files.xcfilelist",
			);
			runOnlyForDeploymentPostprocessing = 0;
			shellPath = /bin/sh;
			shellScript = "\"${PODS_ROOT}/Target Support Files/Pods-OpenEarTrainer-OpenEarTrainerTests/Pods-OpenEarTrainer-OpenEarTrainerTests-frameworks.sh\"\n";
			showEnvVarsInLog = 0;
		};
		E235C05ADACE081382539298 /* [CP] Copy Pods Resources */ = {
			isa = PBXShellScriptBuildPhase;
			buildActionMask = 2147483647;
			files = (
			);
			inputFileListPaths = (
				"${PODS_ROOT}/Target Support Files/Pods-OpenEarTrainer/Pods-OpenEarTrainer-resources-${CONFIGURATION}-input-files.xcfilelist",
			);
			name = "[CP] Copy Pods Resources";
			outputFileListPaths = (
				"${PODS_ROOT}/Target Support Files/Pods-OpenEarTrainer/Pods-OpenEarTrainer-resources-${CONFIGURATION}-output-files.xcfilelist",
			);
			runOnlyForDeploymentPostprocessing = 0;
			shellPath = /bin/sh;
			shellScript = "\"${PODS_ROOT}/Target Support Files/Pods-OpenEarTrainer/Pods-OpenEarTrainer-resources.sh\"\n";
			showEnvVarsInLog = 0;
		};
		F6A41C54EA430FDDC6A6ED99 /* [CP] Copy Pods Resources */ = {
			isa = PBXShellScriptBuildPhase;
			buildActionMask = 2147483647;
			files = (
			);
			inputFileListPaths = (
				"${PODS_ROOT}/Target Support Files/Pods-OpenEarTrainer-OpenEarTrainerTests/Pods-OpenEarTrainer-OpenEarTrainerTests-resources-${CONFIGURATION}-input-files.xcfilelist",
			);
			name = "[CP] Copy Pods Resources";
			outputFileListPaths = (
				"${PODS_ROOT}/Target Support Files/Pods-OpenEarTrainer-OpenEarTrainerTests/Pods-OpenEarTrainer-OpenEarTrainerTests-resources-${CONFIGURATION}-output-files.xcfilelist",
			);
			runOnlyForDeploymentPostprocessing = 0;
			shellPath = /bin/sh;
			shellScript = "\"${PODS_ROOT}/Target Support Files/Pods-OpenEarTrainer-OpenEarTrainerTests/Pods-OpenEarTrainer-OpenEarTrainerTests-resources.sh\"\n";
			showEnvVarsInLog = 0;
		};
		FD10A7F022414F080027D42C /* Start Packager */ = {
			isa = PBXShellScriptBuildPhase;
			buildActionMask = 2147483647;
			files = (
			);
			inputFileListPaths = (
			);
			inputPaths = (
			);
			name = "Start Packager";
			outputFileListPaths = (
			);
			outputPaths = (
			);
			runOnlyForDeploymentPostprocessing = 0;
			shellPath = /bin/sh;
			shellScript = "export RCT_METRO_PORT=\"${RCT_METRO_PORT:=8081}\"\necho \"export RCT_METRO_PORT=${RCT_METRO_PORT}\" > \"${SRCROOT}/../node_modules/react-native/scripts/.packager.env\"\nif [ -z \"${RCT_NO_LAUNCH_PACKAGER+xxx}\" ] ; then\n  if nc -w 5 -z localhost ${RCT_METRO_PORT} ; then\n    if ! curl -s \"http://localhost:${RCT_METRO_PORT}/status\" | grep -q \"packager-status:running\" ; then\n      echo \"Port ${RCT_METRO_PORT} already in use, packager is either not running or not running correctly\"\n      exit 2\n    fi\n  else\n    open \"$SRCROOT/../node_modules/react-native/scripts/launchPackager.command\" || echo \"Can't start packager automatically\"\n  fi\nfi\n";
			showEnvVarsInLog = 0;
		};
/* End PBXShellScriptBuildPhase section */

/* Begin PBXSourcesBuildPhase section */
		00E356EA1AD99517003FC87E /* Sources */ = {
			isa = PBXSourcesBuildPhase;
			buildActionMask = 2147483647;
			files = (
				00E356F31AD99517003FC87E /* OpenEarTrainerTests.m in Sources */,
			);
			runOnlyForDeploymentPostprocessing = 0;
		};
		13B07F871A680F5B00A75B9A /* Sources */ = {
			isa = PBXSourcesBuildPhase;
			buildActionMask = 2147483647;
			files = (
				13B07FBC1A68108700A75B9A /* AppDelegate.mm in Sources */,
				13B07FC11A68108700A75B9A /* main.m in Sources */,
			);
			runOnlyForDeploymentPostprocessing = 0;
		};
/* End PBXSourcesBuildPhase section */

/* Begin PBXTargetDependency section */
		00E356F51AD99517003FC87E /* PBXTargetDependency */ = {
			isa = PBXTargetDependency;
			target = 13B07F861A680F5B00A75B9A /* OpenEarTrainer */;
			targetProxy = 00E356F41AD99517003FC87E /* PBXContainerItemProxy */;
		};
/* End PBXTargetDependency section */

/* Begin XCBuildConfiguration section */
		00E356F61AD99517003FC87E /* Debug */ = {
			isa = XCBuildConfiguration;
			baseConfigurationReference = 5B7EB9410499542E8C5724F5 /* Pods-OpenEarTrainer-OpenEarTrainerTests.debug.xcconfig */;
			buildSettings = {
				BUNDLE_LOADER = "$(TEST_HOST)";
				GCC_PREPROCESSOR_DEFINITIONS = (
					"DEBUG=1",
					"$(inherited)",
				);
				INFOPLIST_FILE = OpenEarTrainerTests/Info.plist;
				IPHONEOS_DEPLOYMENT_TARGET = 12.4;
				LD_RUNPATH_SEARCH_PATHS = (
					"$(inherited)",
					"@executable_path/Frameworks",
					"@loader_path/Frameworks",
				);
				OTHER_LDFLAGS = (
					"-ObjC",
					"-lc++",
					"$(inherited)",
				);
				PRODUCT_BUNDLE_IDENTIFIER = "org.reactjs.native.example.$(PRODUCT_NAME:rfc1034identifier)";
				PRODUCT_NAME = "$(TARGET_NAME)";
				TEST_HOST = "$(BUILT_PRODUCTS_DIR)/OpenEarTrainer.app/OpenEarTrainer";
			};
			name = Debug;
		};
		00E356F71AD99517003FC87E /* Release */ = {
			isa = XCBuildConfiguration;
			baseConfigurationReference = 89C6BE57DB24E9ADA2F236DE /* Pods-OpenEarTrainer-OpenEarTrainerTests.release.xcconfig */;
			buildSettings = {
				BUNDLE_LOADER = "$(TEST_HOST)";
				COPY_PHASE_STRIP = NO;
				INFOPLIST_FILE = OpenEarTrainerTests/Info.plist;
				IPHONEOS_DEPLOYMENT_TARGET = 12.4;
				LD_RUNPATH_SEARCH_PATHS = (
					"$(inherited)",
					"@executable_path/Frameworks",
					"@loader_path/Frameworks",
				);
				OTHER_LDFLAGS = (
					"-ObjC",
					"-lc++",
					"$(inherited)",
				);
				PRODUCT_BUNDLE_IDENTIFIER = "org.reactjs.native.example.$(PRODUCT_NAME:rfc1034identifier)";
				PRODUCT_NAME = "$(TARGET_NAME)";
				TEST_HOST = "$(BUILT_PRODUCTS_DIR)/OpenEarTrainer.app/OpenEarTrainer";
			};
			name = Release;
		};
		13B07F941A680F5B00A75B9A /* Debug */ = {
			isa = XCBuildConfiguration;
			baseConfigurationReference = 3B4392A12AC88292D35C810B /* Pods-OpenEarTrainer.debug.xcconfig */;
			buildSettings = {
				ASSETCATALOG_COMPILER_APPICON_NAME = AppIcon;
				CLANG_ENABLE_MODULES = YES;
				CURRENT_PROJECT_VERSION = 1;
				ENABLE_BITCODE = NO;
				INFOPLIST_FILE = OpenEarTrainer/Info.plist;
				LD_RUNPATH_SEARCH_PATHS = (
					"$(inherited)",
					"@executable_path/Frameworks",
				);
				MARKETING_VERSION = 1.0;
				OTHER_LDFLAGS = (
					"$(inherited)",
					"-ObjC",
					"-lc++",
				);
				PRODUCT_BUNDLE_IDENTIFIER = "org.reactjs.native.example.$(PRODUCT_NAME:rfc1034identifier)";
				PRODUCT_NAME = OpenEarTrainer;
				SWIFT_OPTIMIZATION_LEVEL = "-Onone";
				SWIFT_VERSION = 5.0;
				VERSIONING_SYSTEM = "apple-generic";
			};
			name = Debug;
		};
		13B07F951A680F5B00A75B9A /* Release */ = {
			isa = XCBuildConfiguration;
			baseConfigurationReference = 5709B34CF0A7D63546082F79 /* Pods-OpenEarTrainer.release.xcconfig */;
			buildSettings = {
				ASSETCATALOG_COMPILER_APPICON_NAME = AppIcon;
				CLANG_ENABLE_MODULES = YES;
				CURRENT_PROJECT_VERSION = 1;
				INFOPLIST_FILE = OpenEarTrainer/Info.plist;
				LD_RUNPATH_SEARCH_PATHS = (
					"$(inherited)",
					"@executable_path/Frameworks",
				);
				MARKETING_VERSION = 1.0;
				OTHER_LDFLAGS = (
					"$(inherited)",
					"-ObjC",
					"-lc++",
				);
				PRODUCT_BUNDLE_IDENTIFIER = "org.reactjs.native.example.$(PRODUCT_NAME:rfc1034identifier)";
				PRODUCT_NAME = OpenEarTrainer;
				SWIFT_VERSION = 5.0;
				VERSIONING_SYSTEM = "apple-generic";
			};
			name = Release;
		};
		83CBBA201A601CBA00E9B192 /* Debug */ = {
			isa = XCBuildConfiguration;
			buildSettings = {
				ALWAYS_SEARCH_USER_PATHS = NO;
				CLANG_ANALYZER_LOCALIZABILITY_NONLOCALIZED = YES;
				CLANG_CXX_LANGUAGE_STANDARD = "c++17";
				CLANG_CXX_LIBRARY = "libc++";
				CLANG_ENABLE_MODULES = YES;
				CLANG_ENABLE_OBJC_ARC = YES;
				CLANG_WARN_BLOCK_CAPTURE_AUTORELEASING = YES;
				CLANG_WARN_BOOL_CONVERSION = YES;
				CLANG_WARN_COMMA = YES;
				CLANG_WARN_CONSTANT_CONVERSION = YES;
				CLANG_WARN_DEPRECATED_OBJC_IMPLEMENTATIONS = YES;
				CLANG_WARN_DIRECT_OBJC_ISA_USAGE = YES_ERROR;
				CLANG_WARN_EMPTY_BODY = YES;
				CLANG_WARN_ENUM_CONVERSION = YES;
				CLANG_WARN_INFINITE_RECURSION = YES;
				CLANG_WARN_INT_CONVERSION = YES;
				CLANG_WARN_NON_LITERAL_NULL_CONVERSION = YES;
				CLANG_WARN_OBJC_IMPLICIT_RETAIN_SELF = YES;
				CLANG_WARN_OBJC_LITERAL_CONVERSION = YES;
				CLANG_WARN_OBJC_ROOT_CLASS = YES_ERROR;
				CLANG_WARN_QUOTED_INCLUDE_IN_FRAMEWORK_HEADER = YES;
				CLANG_WARN_RANGE_LOOP_ANALYSIS = YES;
				CLANG_WARN_STRICT_PROTOTYPES = YES;
				CLANG_WARN_SUSPICIOUS_MOVE = YES;
				CLANG_WARN_UNREACHABLE_CODE = YES;
				CLANG_WARN__DUPLICATE_METHOD_MATCH = YES;
				"CODE_SIGN_IDENTITY[sdk=iphoneos*]" = "iPhone Developer";
				COPY_PHASE_STRIP = NO;
				ENABLE_STRICT_OBJC_MSGSEND = YES;
				ENABLE_TESTABILITY = YES;
				"EXCLUDED_ARCHS[sdk=iphonesimulator*]" = i386;
				GCC_C_LANGUAGE_STANDARD = gnu99;
				GCC_DYNAMIC_NO_PIC = NO;
				GCC_NO_COMMON_BLOCKS = YES;
				GCC_OPTIMIZATION_LEVEL = 0;
				GCC_PREPROCESSOR_DEFINITIONS = (
					"DEBUG=1",
					"$(inherited)",
				);
				GCC_SYMBOLS_PRIVATE_EXTERN = NO;
				GCC_WARN_64_TO_32_BIT_CONVERSION = YES;
				GCC_WARN_ABOUT_RETURN_TYPE = YES_ERROR;
				GCC_WARN_UNDECLARED_SELECTOR = YES;
				GCC_WARN_UNINITIALIZED_AUTOS = YES_AGGRESSIVE;
				GCC_WARN_UNUSED_FUNCTION = YES;
				GCC_WARN_UNUSED_VARIABLE = YES;
				IPHONEOS_DEPLOYMENT_TARGET = 12.4;
				LD_RUNPATH_SEARCH_PATHS = (
					/usr/lib/swift,
					"$(inherited)",
				);
				LIBRARY_SEARCH_PATHS = (
					"\"$(SDKROOT)/usr/lib/swift\"",
					"\"$(TOOLCHAIN_DIR)/usr/lib/swift/$(PLATFORM_NAME)\"",
					"\"$(inherited)\"",
				);
				MTL_ENABLE_DEBUG_INFO = YES;
				ONLY_ACTIVE_ARCH = YES;
				OTHER_CFLAGS = "$(inherited)";
				OTHER_CPLUSPLUSFLAGS = (
					"$(OTHER_CFLAGS)",
					"-DFOLLY_NO_CONFIG",
					"-DFOLLY_MOBILE=1",
					"-DFOLLY_USE_LIBCPP=1",
				);
				REACT_NATIVE_PATH = "${PODS_ROOT}/../../node_modules/react-native";
				SDKROOT = iphoneos;
			};
			name = Debug;
		};
		83CBBA211A601CBA00E9B192 /* Release */ = {
			isa = XCBuildConfiguration;
			buildSettings = {
				ALWAYS_SEARCH_USER_PATHS = NO;
				CLANG_ANALYZER_LOCALIZABILITY_NONLOCALIZED = YES;
				CLANG_CXX_LANGUAGE_STANDARD = "c++17";
				CLANG_CXX_LIBRARY = "libc++";
				CLANG_ENABLE_MODULES = YES;
				CLANG_ENABLE_OBJC_ARC = YES;
				CLANG_WARN_BLOCK_CAPTURE_AUTORELEASING = YES;
				CLANG_WARN_BOOL_CONVERSION = YES;
				CLANG_WARN_COMMA = YES;
				CLANG_WARN_CONSTANT_CONVERSION = YES;
				CLANG_WARN_DEPRECATED_OBJC_IMPLEMENTATIONS = YES;
				CLANG_WARN_DIRECT_OBJC_ISA_USAGE = YES_ERROR;
				CLANG_WARN_EMPTY_BODY = YES;
				CLANG_WARN_ENUM_CONVERSION = YES;
				CLANG_WARN_INFINITE_RECURSION = YES;
				CLANG_WARN_INT_CONVERSION = YES;
				CLANG_WARN_NON_LITERAL_NULL_CONVERSION = YES;
				CLANG_WARN_OBJC_IMPLICIT_RETAIN_SELF = YES;
				CLANG_WARN_OBJC_LITERAL_CONVERSION = YES;
				CLANG_WARN_OBJC_ROOT_CLASS = YES_ERROR;
				CLANG_WARN_QUOTED_INCLUDE_IN_FRAMEWORK_HEADER = YES;
				CLANG_WARN_RANGE_LOOP_ANALYSIS = YES;
				CLANG_WARN_STRICT_PROTOTYPES = YES;
				CLANG_WARN_SUSPICIOUS_MOVE = YES;
				CLANG_WARN_UNREACHABLE_CODE = YES;
				CLANG_WARN__DUPLICATE_METHOD_MATCH = YES;
				"CODE_SIGN_IDENTITY[sdk=iphoneos*]" = "iPhone Developer";
				COPY_PHASE_STRIP = YES;
				ENABLE_NS_ASSERTIONS = NO;
				ENABLE_STRICT_OBJC_MSGSEND = YES;
				"EXCLUDED_ARCHS[sdk=iphonesimulator*]" = i386;
				GCC_C_LANGUAGE_STANDARD = gnu99;
				GCC_NO_COMMON_BLOCKS = YES;
				GCC_WARN_64_TO_32_BIT_CONVERSION = YES;
				GCC_WARN_ABOUT_RETURN_TYPE = YES_ERROR;
				GCC_WARN_UNDECLARED_SELECTOR = YES;
				GCC_WARN_UNINITIALIZED_AUTOS = YES_AGGRESSIVE;
				GCC_WARN_UNUSED_FUNCTION = YES;
				GCC_WARN_UNUSED_VARIABLE = YES;
				IPHONEOS_DEPLOYMENT_TARGET = 12.4;
				LD_RUNPATH_SEARCH_PATHS = (
					/usr/lib/swift,
					"$(inherited)",
				);
				LIBRARY_SEARCH_PATHS = (
					"\"$(SDKROOT)/usr/lib/swift\"",
					"\"$(TOOLCHAIN_DIR)/usr/lib/swift/$(PLATFORM_NAME)\"",
					"\"$(inherited)\"",
				);
				MTL_ENABLE_DEBUG_INFO = NO;
				OTHER_CFLAGS = "$(inherited)";
				OTHER_CPLUSPLUSFLAGS = (
					"$(OTHER_CFLAGS)",
					"-DFOLLY_NO_CONFIG",
					"-DFOLLY_MOBILE=1",
					"-DFOLLY_USE_LIBCPP=1",
				);
				REACT_NATIVE_PATH = "${PODS_ROOT}/../../node_modules/react-native";
				SDKROOT = iphoneos;
				VALIDATE_PRODUCT = YES;
			};
			name = Release;
		};
/* End XCBuildConfiguration section */

/* Begin XCConfigurationList section */
		00E357021AD99517003FC87E /* Build configuration list for PBXNativeTarget "OpenEarTrainerTests" */ = {
			isa = XCConfigurationList;
			buildConfigurations = (
				00E356F61AD99517003FC87E /* Debug */,
				00E356F71AD99517003FC87E /* Release */,
			);
			defaultConfigurationIsVisible = 0;
			defaultConfigurationName = Release;
		};
		13B07F931A680F5B00A75B9A /* Build configuration list for PBXNativeTarget "OpenEarTrainer" */ = {
			isa = XCConfigurationList;
			buildConfigurations = (
				13B07F941A680F5B00A75B9A /* Debug */,
				13B07F951A680F5B00A75B9A /* Release */,
			);
			defaultConfigurationIsVisible = 0;
			defaultConfigurationName = Release;
		};
		83CBB9FA1A601CBA00E9B192 /* Build configuration list for PBXProject "OpenEarTrainer" */ = {
			isa = XCConfigurationList;
			buildConfigurations = (
				83CBBA201A601CBA00E9B192 /* Debug */,
				83CBBA211A601CBA00E9B192 /* Release */,
			);
			defaultConfigurationIsVisible = 0;
			defaultConfigurationName = Release;
		};
/* End XCConfigurationList section */
	};
	rootObject = 83CBB9F71A601CBA00E9B192 /* Project object */;
}
